{
  "version": 4,
  "terraform_version": "1.15.9",
  "serial": 70,
  "lineage": "6b49f454-8ef8-4bdc-01f6-7bebe5939e21",
  "outputs": {
    "cluster_endpoint": {
      "value": "https://2B1B564C14B53AB870F876C06BE336E7.gr7.ap-northeast-2.eks.amazonaws.com",
      "type": "string"
    },
    "cluster_name": {
      "value": "msa-eks-cluster",
      "type": "string"
    },
    "karpenter_controller_role_arn": {
      "value": "arn:aws:iam::202035712420:role/msa-eks-cluster-karpenter-controller",
      "type": "string"
    },
    "karpenter_interruption_queue_name": {
      "value": "msa-eks-cluster-karpenter-interruption",
      "type": "string"
    },
    "manual_step_gp2_default_unset": {
      "value": "apply 완료 후 필요 시 수동 실행: kubectl patch storageclass gp2 -p '{\"metadata\":{\"annotations\":{\"storageclass.kubernetes.io/is-default-class\":\"false\"}}}'",
      "type": "string"
    },
    "node_iam_role_name": {
      "value": "msa-eks-cluster-node-role",
      "type": "string"
    },
    "oidc_provider_arn": {
      "value": "arn:aws:iam::202035712420:oidc-provider/oidc.eks.ap-northeast-2.amazonaws.com/id/2B1B564C14B53AB870F876C06BE336E7",
      "type": "string"
    },
    "private_subnet_ids": {
      "value": [
        "subnet-018bb3e13ba7899c3",
        "subnet-0400d81a906f6df34"
      ],
      "type": [
        "tuple",
        [
          "string",
          "string"
        ]
      ]
    },
    "vpc_id": {
      "value": "vpc-0922a3aa86c9c26f4",
      "type": "string"
    }
  },
  "resources": [
    {
      "mode": "data",
      "type": "aws_caller_identity",
      "name": "current",
      "provider": "provider[\"registry.terraform.io/hashicorp/aws\"]",
      "instances": [
        {
          "schema_version": 0,
          "attributes": {
            "account_id": "202035712420",
            "arn": "arn:aws:iam::202035712420:root",
            "id": "202035712420",
            "user_id": "202035712420"
          },
          "sensitive_attributes": [],
          "identity_schema_version": 0
        }
      ]
    },
    {
      "mode": "data",
      "type": "aws_iam_policy_document",
      "name": "eks_kms",
      "provider": "provider[\"registry.terraform.io/hashicorp/aws\"]",
      "instances": [
        {
          "schema_version": 0,
          "attributes": {
            "id": "3093534701",
            "json": "{\n  \"Version\": \"2012-10-17\",\n  \"Statement\": [\n    {\n      \"Sid\": \"EnableRootAccountFullAccess\",\n      \"Effect\": \"Allow\",\n      \"Action\": \"kms:*\",\n      \"Resource\": \"*\",\n      \"Principal\": {\n        \"AWS\": \"arn:aws:iam::202035712420:root\"\n      }\n    },\n    {\n      \"Sid\": \"AllowEKSClusterRoleUsage\",\n      \"Effect\": \"Allow\",\n      \"Action\": [\n        \"kms:GenerateDataKey*\",\n        \"kms:Encrypt\",\n        \"kms:DescribeKey\",\n        \"kms:Decrypt\"\n      ],\n      \"Resource\": \"*\",\n      \"Principal\": {\n        \"AWS\": \"arn:aws:iam::202035712420:role/msa-eks-cluster-cluster-role\"\n      }\n    }\n  ]\n}",
            "minified_json": "{\"Version\":\"2012-10-17\",\"Statement\":[{\"Sid\":\"EnableRootAccountFullAccess\",\"Effect\":\"Allow\",\"Action\":\"kms:*\",\"Resource\":\"*\",\"Principal\":{\"AWS\":\"arn:aws:iam::202035712420:root\"}},{\"Sid\":\"AllowEKSClusterRoleUsage\",\"Effect\":\"Allow\",\"Action\":[\"kms:GenerateDataKey*\",\"kms:Encrypt\",\"kms:DescribeKey\",\"kms:Decrypt\"],\"Resource\":\"*\",\"Principal\":{\"AWS\":\"arn:aws:iam::202035712420:role/msa-eks-cluster-cluster-role\"}}]}",
            "override_json": null,
            "override_policy_documents": null,
            "policy_id": null,
            "source_json": null,
            "source_policy_documents": null,
            "statement": [
              {
                "actions": [
                  "kms:*"
                ],
                "condition": [],
                "effect": "Allow",
                "not_actions": [],
                "not_principals": [],
                "not_resources": [],
                "principals": [
                  {
                    "identifiers": [
                      "arn:aws:iam::202035712420:root"
                    ],
                    "type": "AWS"
                  }
                ],
                "resources": [
                  "*"
                ],
                "sid": "EnableRootAccountFullAccess"
              },
              {
                "actions": [
                  "kms:Decrypt",
                  "kms:DescribeKey",
                  "kms:Encrypt",
                  "kms:GenerateDataKey*"
                ],
                "condition": [],
                "effect": "Allow",
                "not_actions": [],
                "not_principals": [],
                "not_resources": [],
                "principals": [
                  {
                    "identifiers": [
                      "arn:aws:iam::202035712420:role/msa-eks-cluster-cluster-role"
                    ],
                    "type": "AWS"
                  }
                ],
                "resources": [
                  "*"
                ],
                "sid": "AllowEKSClusterRoleUsage"
              }
            ],
            "version": "2012-10-17"
          },
          "sensitive_attributes": [],
          "identity_schema_version": 0
        }
      ]
    },
    {
      "mode": "data",
      "type": "aws_partition",
      "name": "current",
      "provider": "provider[\"registry.terraform.io/hashicorp/aws\"]",
      "instances": [
        {
          "schema_version": 0,
          "attributes": {
            "dns_suffix": "amazonaws.com",
            "id": "aws",
            "partition": "aws",
            "reverse_dns_prefix": "com.amazonaws"
          },
          "sensitive_attributes": [],
          "identity_schema_version": 0
        }
      ]
    },
    {
      "mode": "data",
      "type": "tls_certificate",
      "name": "eks",
      "provider": "provider[\"registry.terraform.io/hashicorp/tls\"]",
      "instances": [
        {
          "schema_version": 0,
          "attributes": {
            "certificates": [
              {
                "cert_pem": "-----BEGIN CERTIFICATE-----\nMIIEkjCCA3qgAwIBAgITBn+USionzfP6wq4rAfkI7rnExjANBgkqhkiG9w0BAQsF\nADCBmDELMAkGA1UEBhMCVVMxEDAOBgNVBAgTB0FyaXpvbmExEzARBgNVBAcTClNj\nb3R0c2RhbGUxJTAjBgNVBAoTHFN0YXJmaWVsZCBUZWNobm9sb2dpZXMsIEluYy4x\nOzA5BgNVBAMTMlN0YXJmaWVsZCBTZXJ2aWNlcyBSb290IENlcnRpZmljYXRlIEF1\ndGhvcml0eSAtIEcyMB4XDTE1MDUyNTEyMDAwMFoXDTM3MTIzMTAxMDAwMFowOTEL\nMAkGA1UEBhMCVVMxDzANBgNVBAoTBkFtYXpvbjEZMBcGA1UEAxMQQW1hem9uIFJv\nb3QgQ0EgMTCCASIwDQYJKoZIhvcNAQEBBQADggEPADCCAQoCggEBALJ4gHHKeNXj\nca9HgFB0fW7Y14h29Jlo91ghYPl0hAEvrAIthtOgQ3pOsqTQNroBvo3bSMgHFzZM\n9O6II8c+6zf1tRn4SWiw3te5djgdYZ6k/oI2peVKVuRF4fn9tBb6dNqcmzU5L/qw\nIFAGbHrQgLKm+a/sRxmPUDgH3KKHOVj4utWp+UhnMJbulHheb4mjUcAwhmahRWa6\nVOujw5H5SNz/0egwLX0tdHA114gk957EWW67c4cX8jJGKLhD+rcdqsq08p8kDi1L\n93FcXmn/6pUCyziKrlA4b9v7LWIbxcceVOF34GfID5yHI9Y/QCB/IIDEgEw+OyQm\njgSubJrIqg0CAwEAAaOCATEwggEtMA8GA1UdEwEB/wQFMAMBAf8wDgYDVR0PAQH/\nBAQDAgGGMB0GA1UdDgQWBBSEGMyFNOy8DJSULghZnMeyEE4KCDAfBgNVHSMEGDAW\ngBScXwDfqgHXMCs4iKK4bUqc8hGRgzB4BggrBgEFBQcBAQRsMGowLgYIKwYBBQUH\nMAGGImh0dHA6Ly9vY3NwLnJvb3RnMi5hbWF6b250cnVzdC5jb20wOAYIKwYBBQUH\nMAKGLGh0dHA6Ly9jcnQucm9vdGcyLmFtYXpvbnRydXN0LmNvbS9yb290ZzIuY2Vy\nMD0GA1UdHwQ2MDQwMqAwoC6GLGh0dHA6Ly9jcmwucm9vdGcyLmFtYXpvbnRydXN0\nLmNvbS9yb290ZzIuY3JsMBEGA1UdIAQKMAgwBgYEVR0gADANBgkqhkiG9w0BAQsF\nAAOCAQEAYjdCXLwQtT6LLOkMm2xF4gcAevnFWAu5CIw+7bMlPLVvUOTNNWqnkzSW\nMiGpSESrnO09tKpzbeR/FoCJbM8oAxiDR3mjEH4wW6w7sGDgd9QIpuEdfF7Au/ma\neyKdpwAJfqxGF4PcnCZXmTA5YpaP7dreqsXMGz7KQ2hsVxa81Q4gLv7/wmpdLqBK\nbRRYh5TmOTFffHPLkIhqhBGWJ6bt2YFGpn6jcgAKUj6DiAdjd4lpFw85hdKrCEVN\n0FE6/V1dN2RMfjCyVSRCnTawXZwXgWHxyvkQAiSr6w10kY17RSlQOYiypok1JR4U\nakcjMS9cmvqtmg5iUaQqqcT5NJ0hGA==\n-----END CERTIFICATE-----\n",
                "is_ca": true,
                "issuer": "CN=Starfield Services Root Certificate Authority - G2,O=Starfield Technologies\\, Inc.,L=Scottsdale,ST=Arizona,C=US",
                "max_path_length": -1,
                "not_after": "2037-12-31T01:00:00Z",
                "not_before": "2015-05-25T12:00:00Z",
                "public_key_algorithm": "RSA",
                "serial_number": "144918191876577076464031512351042010504348870",
                "sha1_fingerprint": "06b25927c42a721631c1efd9431e648fa62e1e39",
                "signature_algorithm": "SHA256-RSA",
                "subject": "CN=Amazon Root CA 1,O=Amazon,C=US",
                "version": 3
              },
              {
                "cert_pem": "-----BEGIN CERTIFICATE-----\nMIIEXjCCA0agAwIBAgITB3MSOAudZoijOx7Zv5zNpo4ODzANBgkqhkiG9w0BAQsF\nADA5MQswCQYDVQQGEwJVUzEPMA0GA1UEChMGQW1hem9uMRkwFwYDVQQDExBBbWF6\nb24gUm9vdCBDQSAxMB4XDTIyMDgyMzIyMjEyOFoXDTMwMDgyMzIyMjEyOFowPDEL\nMAkGA1UEBhMCVVMxDzANBgNVBAoTBkFtYXpvbjEcMBoGA1UEAxMTQW1hem9uIFJT\nQSAyMDQ4IE0wMTCCASIwDQYJKoZIhvcNAQEBBQADggEPADCCAQoCggEBAOtxLKnL\nH4gokjIwr4pXD3i3NyWVVYesZ1yX0yLI2qIUZ2t88Gfa4gMqs1YSXca1R/lnCKeT\nepWSGA+0+fkQNpp/L4C2T7oTTsddUx7g3ZYzByDTlrwS5HRQQqEFE3O1T5tEJP4t\nf+28IoXsNiEzl3UGzicYgtzj2cWCB41eJgEmJmcf2T8TzzK6a614ZPyq/w4CPAff\nnAV4coz96nW3AyiE2uhuB4zQUIXvgVSycW7sbWLvj5TDXunEpNCRwC4kkZjK7rol\njtT2cbb7W2s4Bkg3R42G3PLqBvt2N32e/0JOTViCk8/iccJ4sXqrS1uUN4iB5Nmv\nJK74csVl+0u0UecCAwEAAaOCAVowggFWMBIGA1UdEwEB/wQIMAYBAf8CAQAwDgYD\nVR0PAQH/BAQDAgGGMB0GA1UdJQQWMBQGCCsGAQUFBwMBBggrBgEFBQcDAjAdBgNV\nHQ4EFgQUgbgOY4qJEhjl+js7UJWf5uWQE4UwHwYDVR0jBBgwFoAUhBjMhTTsvAyU\nlC4IWZzHshBOCggwewYIKwYBBQUHAQEEbzBtMC8GCCsGAQUFBzABhiNodHRwOi8v\nb2NzcC5yb290Y2ExLmFtYXpvbnRydXN0LmNvbTA6BggrBgEFBQcwAoYuaHR0cDov\nL2NydC5yb290Y2ExLmFtYXpvbnRydXN0LmNvbS9yb290Y2ExLmNlcjA/BgNVHR8E\nODA2MDSgMqAwhi5odHRwOi8vY3JsLnJvb3RjYTEuYW1hem9udHJ1c3QuY29tL3Jv\nb3RjYTEuY3JsMBMGA1UdIAQMMAowCAYGZ4EMAQIBMA0GCSqGSIb3DQEBCwUAA4IB\nAQCtAN4CBSMuBjJitGuxlBbkEUDeK/pZwTXv4KqPK0G50fOHOQAd8j21p0cMBgbG\nkfMHVwLU7b0XwZCav0h1ogdPMN1KakK1DT0VwA/+hFvGPJnMV1Kx2G4S1ZaSk0uU\n5QfoiYIIano01J5k4T2HapKQmmOhS/iPtuo00wW+IMLeBuKMn3OLn005hcrOGTad\nhcmeyfhQP7Z+iKHvyoQGi1C0ClymHETx/chhQGDyYSWqB/THwnN15AwLQo0E5V9E\nSJlbe4mBlqeInUsNYugExNf+tOiybcrswBy8OFsd34XOW3rjSUtsuafd9AWySa3h\nxRRrwszrzX/WWGm6wyB+f7C4\n-----END CERTIFICATE-----\n",
                "is_ca": true,
                "issuer": "CN=Amazon Root CA 1,O=Amazon,C=US",
                "max_path_length": 0,
                "not_after": "2030-08-23T22:21:28Z",
                "not_before": "2022-08-23T22:21:28Z",
                "public_key_algorithm": "RSA",
                "serial_number": "166129328851546858514271303855646110030630415",
                "sha1_fingerprint": "2ad974a775f73cbdbbd8f5ac3a49255fa8fb1f8c",
                "signature_algorithm": "SHA256-RSA",
                "subject": "CN=Amazon RSA 2048 M01,O=Amazon,C=US",
                "version": 3
              },
              {
                "cert_pem": "-----BEGIN CERTIFICATE-----\nMIIF5jCCBM6gAwIBAgIQCJsK/ZUgMjxpk/kJ/P9+WTANBgkqhkiG9w0BAQsFADA8\nMQswCQYDVQQGEwJVUzEPMA0GA1UEChMGQW1hem9uMRwwGgYDVQQDExNBbWF6b24g\nUlNBIDIwNDggTTAxMB4XDTI2MDEyNjAwMDAwMFoXDTI3MDIyNDIzNTk1OVowLTEr\nMCkGA1UEAwwiKi5la3MuYXAtbm9ydGhlYXN0LTIuYW1hem9uYXdzLmNvbTCCASIw\nDQYJKoZIhvcNAQEBBQADggEPADCCAQoCggEBAKIe1OC/cy7NnDpiYTuYwcHplB6L\ngXx6mxpQ06s4B3Sg7jvaV6xV7mi8QZxXiG8yJiNdb2XWK2/1CmQ09OBlkq1+WvbQ\nr1xLEOUNQpL2Lw7kqlLLH8m2tpSuc/zqrZZXj6IS+3JKjYbzi9zRswADRuiTUeYX\njYhBvPgtwJRYEgckf7FFAXHdiYJiNmRs0mPXTBX8XytUwU5E5LgEFA7teckU5fIO\nYB9NcueBWTvgvLjnhAPU4yvPqGAnJIRVKLJ8HA7p2Fe6KTo+nxSVLKRTuV/PQj9N\np6slwiKWwdPAO+EI7munuKuScMrgQU603rIqiXxXheZdIuQWtNy6Z6MiMMMCAwEA\nAaOCAvEwggLtMB8GA1UdIwQYMBaAFIG4DmOKiRIY5fo7O1CVn+blkBOFMB0GA1Ud\nDgQWBBQlJ/RISfDNPp7CNwi+65OWUKG6cjAtBgNVHREEJjAkgiIqLmVrcy5hcC1u\nb3J0aGVhc3QtMi5hbWF6b25hd3MuY29tMBMGA1UdIAQMMAowCAYGZ4EMAQIBMA4G\nA1UdDwEB/wQEAwIFoDATBgNVHSUEDDAKBggrBgEFBQcDATA7BgNVHR8ENDAyMDCg\nLqAshipodHRwOi8vY3JsLnIybTAxLmFtYXpvbnRydXN0LmNvbS9yMm0wMS5jcmww\ndQYIKwYBBQUHAQEEaTBnMC0GCCsGAQUFBzABhiFodHRwOi8vb2NzcC5yMm0wMS5h\nbWF6b250cnVzdC5jb20wNgYIKwYBBQUHMAKGKmh0dHA6Ly9jcnQucjJtMDEuYW1h\nem9udHJ1c3QuY29tL3IybTAxLmNlcjAMBgNVHRMBAf8EAjAAMIIBfgYKKwYBBAHW\neQIEAgSCAW4EggFqAWgAdwBMY9yY5Zwdq4j2Hoo93q6Pq0SjN3tfm5TD+6Gc/MG+\nJgAAAZv3ppGbAAAEAwBIMEYCIQCpwj08RpHwUp/ZrZhNqxxjlVqgcmHIQbyBqtIC\n2ZpXWQIhAPF68Eb2dEfZT9rRUDpw27ExUj1iXq0zOyvWpHjW1BGxAHYAHJ9oLOn6\n8EVpUPgbloqH3dsyENhM5siy44JSSsTPWZ8AAAGb96aRqAAABAMARzBFAiByWoO9\nB53SVyPz+C4DTbr8EYF0r4Q3u1mf2ptGTRMwGQIhAN0hA3swmip1UY++CgvKysBe\nQkC/v4Vj40VhljtDx7uuAHUAYEyar3p/d18B1Ab8kg3ImesLHH34yVIb+voXdzuX\ni8kAAAGb96aSpQAABAMARjBEAiBjKxuuTNAGdywi+oe/l8G6KQ1JqMaWFnFsDY6I\nVbHEDQIgZ9mcMfjeu7z5CcOVLG6BKNurxjt05pTXlnV59EjbuhgwDQYJKoZIhvcN\nAQELBQADggEBAOYiRZvQBB9jGIdTDT93UrH7Pg5z7Icd3m1l/93kbAeRGrig2qA8\nFHxR+R7u2F5keTT8qB91YzTkKBR4lpsiWm0j7MQuTw7EbIUksE1epC8qHk1BLhPN\nvqussr1yLnASvz1Vtutv2VycHb5eivgSkHwyzVj/pK9iO6+/gO/vqXFbI7BeK8UK\nsfwItdcA7Sj5lrfZvLesDOeN+2UmBvanSfIAbOHWkX37q9xFNb0nZqAW1WaJUKjI\nf699IysN7UwT8WN8fl9/SzcnIpk8luDMvSwHpoHZJwtqr3sdQ2eZqV4eyrKpSeBN\nIvQbij0NR+apS5mE0AuKiUgnizN2tfCCYzg=\n-----END CERTIFICATE-----\n",
                "is_ca": false,
                "issuer": "CN=Amazon RSA 2048 M01,O=Amazon,C=US",
                "max_path_length": -1,
                "not_after": "2027-02-24T23:59:59Z",
                "not_before": "2026-01-26T00:00:00Z",
                "public_key_algorithm": "RSA",
                "serial_number": "11438852894325567213578903347674447449",
                "sha1_fingerprint": "b5ff9c677325645101f7c5b456c6bfdb3c037425",
                "signature_algorithm": "SHA256-RSA",
                "subject": "CN=*.eks.ap-northeast-2.amazonaws.com",
                "version": 3
              }
            ],
            "content": null,
            "id": "db89cecc3adb9ea30f9819b0e895f1b1184c090f",
            "url": "https://oidc.eks.ap-northeast-2.amazonaws.com/id/2B1B564C14B53AB870F876C06BE336E7",
            "verify_chain": true
          },
          "sensitive_attributes": [],
          "identity_schema_version": 0
        }
      ]
    },
    {
      "mode": "managed",
      "type": "aws_cloudwatch_event_rule",
      "name": "karpenter",
      "provider": "provider[\"registry.terraform.io/hashicorp/aws\"]",
      "instances": [
        {
          "index_key": "rebalance",
          "schema_version": 1,
          "attributes": {
            "arn": "arn:aws:events:ap-northeast-2:202035712420:rule/msa-eks-cluster-karpenter-rebalance",
            "description": "Karpenter interruption handling: EC2 Instance Rebalance Recommendation",
            "event_bus_name": "default",
            "event_pattern": "{\"detail-type\":[\"EC2 Instance Rebalance Recommendation\"],\"source\":[\"aws.ec2\"]}",
            "force_destroy": false,
            "id": "msa-eks-cluster-karpenter-rebalance",
            "is_enabled": true,
            "name": "msa-eks-cluster-karpenter-rebalance",
            "name_prefix": "",
            "role_arn": "",
            "schedule_expression": "",
            "state": "ENABLED",
            "tags": {
              "Environment": "dev",
              "ManagedBy": "terraform",
              "Project": "msa-autoscaling"
            },
            "tags_all": {
              "Environment": "dev",
              "ManagedBy": "terraform",
              "Project": "msa-autoscaling"
            }
          },
          "sensitive_attributes": [],
          "identity_schema_version": 0,
          "private": "eyJzY2hlbWFfdmVyc2lvbiI6IjEifQ=="
        },
        {
          "index_key": "scheduled_change",
          "schema_version": 1,
          "attributes": {
            "arn": "arn:aws:events:ap-northeast-2:202035712420:rule/msa-eks-cluster-karpenter-scheduled_change",
            "description": "Karpenter interruption handling: AWS Health Event",
            "event_bus_name": "default",
            "event_pattern": "{\"detail-type\":[\"AWS Health Event\"],\"source\":[\"aws.health\"]}",
            "force_destroy": false,
            "id": "msa-eks-cluster-karpenter-scheduled_change",
            "is_enabled": true,
            "name": "msa-eks-cluster-karpenter-scheduled_change",
            "name_prefix": "",
            "role_arn": "",
            "schedule_expression": "",
            "state": "ENABLED",
            "tags": {
              "Environment": "dev",
              "ManagedBy": "terraform",
              "Project": "msa-autoscaling"
            },
            "tags_all": {
              "Environment": "dev",
              "ManagedBy": "terraform",
              "Project": "msa-autoscaling"
            }
          },
          "sensitive_attributes": [],
          "identity_schema_version": 0,
          "private": "eyJzY2hlbWFfdmVyc2lvbiI6IjEifQ=="
        },
        {
          "index_key": "spot_interruption",
          "schema_version": 1,
          "attributes": {
            "arn": "arn:aws:events:ap-northeast-2:202035712420:rule/msa-eks-cluster-karpenter-spot_interruption",
            "description": "Karpenter interruption handling: EC2 Spot Instance Interruption Warning",
            "event_bus_name": "default",
            "event_pattern": "{\"detail-type\":[\"EC2 Spot Instance Interruption Warning\"],\"source\":[\"aws.ec2\"]}",
            "force_destroy": false,
            "id": "msa-eks-cluster-karpenter-spot_interruption",
            "is_enabled": true,
            "name": "msa-eks-cluster-karpenter-spot_interruption",
            "name_prefix": "",
            "role_arn": "",
            "schedule_expression": "",
            "state": "ENABLED",
            "tags": {
              "Environment": "dev",
              "ManagedBy": "terraform",
              "Project": "msa-autoscaling"
            },
            "tags_all": {
              "Environment": "dev",
              "ManagedBy": "terraform",
              "Project": "msa-autoscaling"
            }
          },
          "sensitive_attributes": [],
          "identity_schema_version": 0,
          "private": "eyJzY2hlbWFfdmVyc2lvbiI6IjEifQ=="
        },
        {
          "index_key": "state_change",
          "schema_version": 1,
          "attributes": {
            "arn": "arn:aws:events:ap-northeast-2:202035712420:rule/msa-eks-cluster-karpenter-state_change",
            "description": "Karpenter interruption handling: EC2 Instance State-change Notification",
            "event_bus_name": "default",
            "event_pattern": "{\"detail-type\":[\"EC2 Instance State-change Notification\"],\"source\":[\"aws.ec2\"]}",
            "force_destroy": false,
            "id": "msa-eks-cluster-karpenter-state_change",
            "is_enabled": true,
            "name": "msa-eks-cluster-karpenter-state_change",
            "name_prefix": "",
            "role_arn": "",
            "schedule_expression": "",
            "state": "ENABLED",
            "tags": {
              "Environment": "dev",
              "ManagedBy": "terraform",
              "Project": "msa-autoscaling"
            },
            "tags_all": {
              "Environment": "dev",
              "ManagedBy": "terraform",
              "Project": "msa-autoscaling"
            }
          },
          "sensitive_attributes": [],
          "identity_schema_version": 0,
          "private": "eyJzY2hlbWFfdmVyc2lvbiI6IjEifQ=="
        }
      ]
    },
    {
      "mode": "managed",
      "type": "aws_cloudwatch_event_target",
      "name": "karpenter",
      "provider": "provider[\"registry.terraform.io/hashicorp/aws\"]",
      "instances": [
        {
          "index_key": "rebalance",
          "schema_version": 1,
          "attributes": {
            "appsync_target": [],
            "arn": "arn:aws:sqs:ap-northeast-2:202035712420:msa-eks-cluster-karpenter-interruption",
            "batch_target": [],
            "dead_letter_config": [],
            "ecs_target": [],
            "event_bus_name": "default",
            "force_destroy": false,
            "http_target": [],
            "id": "msa-eks-cluster-karpenter-rebalance-KarpenterInterruptionQueue",
            "input": "",
            "input_path": "",
            "input_transformer": [],
            "kinesis_target": [],
            "redshift_target": [],
            "retry_policy": [],
            "role_arn": "",
            "rule": "msa-eks-cluster-karpenter-rebalance",
            "run_command_targets": [],
            "sagemaker_pipeline_target": [],
            "sqs_target": [],
            "target_id": "KarpenterInterruptionQueue"
          },
          "sensitive_attributes": [],
          "identity_schema_version": 0,
          "private": "eyJzY2hlbWFfdmVyc2lvbiI6IjEifQ==",
          "dependencies": [
            "aws_cloudwatch_event_rule.karpenter",
            "aws_sqs_queue.karpenter_interruption"
          ]
        },
        {
          "index_key": "scheduled_change",
          "schema_version": 1,
          "attributes": {
            "appsync_target": [],
            "arn": "arn:aws:sqs:ap-northeast-2:202035712420:msa-eks-cluster-karpenter-interruption",
            "batch_target": [],
            "dead_letter_config": [],
            "ecs_target": [],
            "event_bus_name": "default",
            "force_destroy": false,
            "http_target": [],
            "id": "msa-eks-cluster-karpenter-scheduled_change-KarpenterInterruptionQueue",
            "input": "",
            "input_path": "",
            "input_transformer": [],
            "kinesis_target": [],
            "redshift_target": [],
            "retry_policy": [],
            "role_arn": "",
            "rule": "msa-eks-cluster-karpenter-scheduled_change",
            "run_command_targets": [],
            "sagemaker_pipeline_target": [],
            "sqs_target": [],
            "target_id": "KarpenterInterruptionQueue"
          },
          "sensitive_attributes": [],
          "identity_schema_version": 0,
          "private": "eyJzY2hlbWFfdmVyc2lvbiI6IjEifQ==",
          "dependencies": [
            "aws_cloudwatch_event_rule.karpenter",
            "aws_sqs_queue.karpenter_interruption"
          ]
        },
        {
          "index_key": "spot_interruption",
          "schema_version": 1,
          "attributes": {
            "appsync_target": [],
            "arn": "arn:aws:sqs:ap-northeast-2:202035712420:msa-eks-cluster-karpenter-interruption",
            "batch_target": [],
            "dead_letter_config": [],
            "ecs_target": [],
            "event_bus_name": "default",
            "force_destroy": false,
            "http_target": [],
            "id": "msa-eks-cluster-karpenter-spot_interruption-KarpenterInterruptionQueue",
            "input": "",
            "input_path": "",
            "input_transformer": [],
            "kinesis_target": [],
            "redshift_target": [],
            "retry_policy": [],
            "role_arn": "",
            "rule": "msa-eks-cluster-karpenter-spot_interruption",
            "run_command_targets": [],
            "sagemaker_pipeline_target": [],
            "sqs_target": [],
            "target_id": "KarpenterInterruptionQueue"
          },
          "sensitive_attributes": [],
          "identity_schema_version": 0,
          "private": "eyJzY2hlbWFfdmVyc2lvbiI6IjEifQ==",
          "dependencies": [
            "aws_cloudwatch_event_rule.karpenter",
            "aws_sqs_queue.karpenter_interruption"
          ]
        },
        {
          "index_key": "state_change",
          "schema_version": 1,
          "attributes": {
            "appsync_target": [],
            "arn": "arn:aws:sqs:ap-northeast-2:202035712420:msa-eks-cluster-karpenter-interruption",
            "batch_target": [],
            "dead_letter_config": [],
            "ecs_target": [],
            "event_bus_name": "default",
            "force_destroy": false,
            "http_target": [],
            "id": "msa-eks-cluster-karpenter-state_change-KarpenterInterruptionQueue",
            "input": "",
            "input_path": "",
            "input_transformer": [],
            "kinesis_target": [],
            "redshift_target": [],
            "retry_policy": [],
            "role_arn": "",
            "rule": "msa-eks-cluster-karpenter-state_change",
            "run_command_targets": [],
            "sagemaker_pipeline_target": [],
            "sqs_target": [],
            "target_id": "KarpenterInterruptionQueue"
          },
          "sensitive_attributes": [],
          "identity_schema_version": 0,
          "private": "eyJzY2hlbWFfdmVyc2lvbiI6IjEifQ==",
          "dependencies": [
            "aws_cloudwatch_event_rule.karpenter",
            "aws_sqs_queue.karpenter_interruption"
          ]
        }
      ]
    },
    {
      "mode": "managed",
      "type": "aws_cloudwatch_log_group",
      "name": "eks",
      "provider": "provider[\"registry.terraform.io/hashicorp/aws\"]",
      "instances": [
        {
          "schema_version": 0,
          "attributes": {
            "arn": "arn:aws:logs:ap-northeast-2:202035712420:log-group:/aws/eks/msa-eks-cluster/cluster",
            "id": "/aws/eks/msa-eks-cluster/cluster",
            "kms_key_id": "",
            "log_group_class": "STANDARD",
            "name": "/aws/eks/msa-eks-cluster/cluster",
            "name_prefix": "",
            "retention_in_days": 30,
            "skip_destroy": false,
            "tags": {
              "Environment": "dev",
              "ManagedBy": "terraform",
              "Project": "msa-autoscaling"
            },
            "tags_all": {
              "Environment": "dev",
              "ManagedBy": "terraform",
              "Project": "msa-autoscaling"
            }
          },
          "sensitive_attributes": [],
          "identity_schema_version": 0,
          "private": "bnVsbA=="
        }
      ]
    },
    {
      "mode": "managed",
      "type": "aws_ec2_tag",
      "name": "cluster_sg_discovery",
      "provider": "provider[\"registry.terraform.io/hashicorp/aws\"]",
      "instances": [
        {
          "schema_version": 0,
          "attributes": {
            "id": "sg-0b4e515c875910be0,karpenter.sh/discovery",
            "key": "karpenter.sh/discovery",
            "resource_id": "sg-0b4e515c875910be0",
            "value": "msa-eks-cluster"
          },
          "sensitive_attributes": [],
          "identity_schema_version": 0,
          "private": "bnVsbA==",
          "dependencies": [
            "aws_cloudwatch_log_group.eks",
            "aws_eks_cluster.main",
            "aws_iam_role.eks_cluster",
            "aws_iam_role_policy_attachment.eks_cluster_policy",
            "aws_kms_key.eks",
            "aws_subnet.private",
            "aws_vpc.main",
            "data.aws_caller_identity.current",
            "data.aws_iam_policy_document.eks_kms",
            "data.aws_partition.current"
          ]
        }
      ]
    },
    {
      "mode": "managed",
      "type": "aws_eip",
      "name": "nat",
      "provider": "provider[\"registry.terraform.io/hashicorp/aws\"]",
      "instances": [
        {
          "index_key": 0,
          "schema_version": 0,
          "attributes": {
            "address": null,
            "allocation_id": "eipalloc-0ad35bfbf3b072c48",
            "arn": "arn:aws:ec2:ap-northeast-2:202035712420:elastic-ip/eipalloc-0ad35bfbf3b072c48",
            "associate_with_private_ip": null,
            "association_id": "eipassoc-048042c4ef915c042",
            "carrier_ip": "",
            "customer_owned_ip": "",
            "customer_owned_ipv4_pool": "",
            "domain": "vpc",
            "id": "eipalloc-0ad35bfbf3b072c48",
            "instance": "",
            "ipam_pool_id": null,
            "network_border_group": "ap-northeast-2",
            "network_interface": "eni-0ac33cf762c661035",
            "private_dns": "ip-10-0-4-243.ap-northeast-2.compute.internal",
            "private_ip": "10.0.4.243",
            "ptr_record": "",
            "public_dns": "ec2-43-203-76-206.ap-northeast-2.compute.amazonaws.com",
            "public_ip": "43.203.76.206",
            "public_ipv4_pool": "amazon",
            "tags": {
              "Environment": "dev",
              "ManagedBy": "terraform",
              "Name": "msa-eks-cluster-nat-eip-0",
              "Project": "msa-autoscaling"
            },
            "tags_all": {
              "Environment": "dev",
              "ManagedBy": "terraform",
              "Name": "msa-eks-cluster-nat-eip-0",
              "Project": "msa-autoscaling"
            },
            "timeouts": null,
            "vpc": true
          },
          "sensitive_attributes": [],
          "identity_schema_version": 0,
          "private": "eyJlMmJmYjczMC1lY2FhLTExZTYtOGY4OC0zNDM2M2JjN2M0YzAiOnsiZGVsZXRlIjoxODAwMDAwMDAwMDAsInJlYWQiOjkwMDAwMDAwMDAwMCwidXBkYXRlIjozMDAwMDAwMDAwMDB9fQ=="
        }
      ]
    },
    {
      "mode": "managed",
      "type": "aws_eks_access_entry",
      "name": "karpenter_nodes",
      "provider": "provider[\"registry.terraform.io/hashicorp/aws\"]",
      "instances": [
        {
          "schema_version": 0,
          "attributes": {
            "access_entry_arn": "arn:aws:eks:ap-northeast-2:202035712420:access-entry/msa-eks-cluster/role/202035712420/msa-eks-cluster-node-role/b4d060d0-52be-d4e6-39e3-0f5e35dade4d",
            "cluster_name": "msa-eks-cluster",
            "created_at": "2026-09-21T01:42:06Z",
            "id": "msa-eks-cluster:arn:aws:iam::202035712420:role/msa-eks-cluster-node-role",
            "kubernetes_groups": [
              "system:nodes"
            ],
            "modified_at": "2026-09-21T01:42:06Z",
            "principal_arn": "arn:aws:iam::202035712420:role/msa-eks-cluster-node-role",
            "tags": {
              "Environment": "dev",
              "ManagedBy": "terraform",
              "Project": "msa-autoscaling"
            },
            "tags_all": {
              "Environment": "dev",
              "ManagedBy": "terraform",
              "Project": "msa-autoscaling"
            },
            "timeouts": null,
            "type": "EC2_LINUX",
            "user_name": "system:node:{{EC2PrivateDNSName}}"
          },
          "sensitive_attributes": [],
          "identity_schema_version": 0,
          "private": "eyJlMmJmYjczMC1lY2FhLTExZTYtOGY4OC0zNDM2M2JjN2M0YzAiOnsiY3JlYXRlIjo2MDAwMDAwMDAwMDAsImRlbGV0ZSI6NjAwMDAwMDAwMDAwfX0=",
          "dependencies": [
            "aws_cloudwatch_log_group.eks",
            "aws_eks_cluster.main",
            "aws_iam_role.eks_cluster",
            "aws_iam_role.node_group",
            "aws_iam_role_policy_attachment.eks_cluster_policy",
            "aws_kms_key.eks",
            "aws_subnet.private",
            "aws_vpc.main",
            "data.aws_caller_identity.current",
            "data.aws_iam_policy_document.eks_kms",
            "data.aws_partition.current"
          ]
        }
      ]
    },
    {
      "mode": "managed",
      "type": "aws_eks_addon",
      "name": "coredns",
      "provider": "provider[\"registry.terraform.io/hashicorp/aws\"]",
      "instances": [
        {
          "schema_version": 0,
          "attributes": {
            "addon_name": "coredns",
            "addon_version": "v1.11.4-eksbuild.60",
            "arn": "arn:aws:eks:ap-northeast-2:202035712420:addon/msa-eks-cluster/coredns/72d0610d-95fd-6ac1-5ce1-2fe59e2870a5",
            "cluster_name": "msa-eks-cluster",
            "configuration_values": "{\"nodeSelector\":{\"node-role\":\"core\"},\"replicaCount\":2}",
            "created_at": "2026-09-21T03:55:56Z",
            "id": "msa-eks-cluster:coredns",
            "modified_at": "2026-09-21T03:56:07Z",
            "pod_identity_association": [],
            "preserve": null,
            "resolve_conflicts": null,
            "resolve_conflicts_on_create": "OVERWRITE",
            "resolve_conflicts_on_update": "OVERWRITE",
            "service_account_role_arn": "",
            "tags": {
              "Environment": "dev",
              "ManagedBy": "terraform",
              "Project": "msa-autoscaling"
            },
            "tags_all": {
              "Environment": "dev",
              "ManagedBy": "terraform",
              "Project": "msa-autoscaling"
            },
            "timeouts": null
          },
          "sensitive_attributes": [],
          "identity_schema_version": 0,
          "private": "eyJlMmJmYjczMC1lY2FhLTExZTYtOGY4OC0zNDM2M2JjN2M0YzAiOnsiY3JlYXRlIjoxMjAwMDAwMDAwMDAwLCJkZWxldGUiOjI0MDAwMDAwMDAwMDAsInVwZGF0ZSI6MTIwMDAwMDAwMDAwMH19",
          "dependencies": [
            "aws_cloudwatch_log_group.eks",
            "aws_eks_cluster.main",
            "aws_eks_node_group.core",
            "aws_iam_role.eks_cluster",
            "aws_iam_role.node_group",
            "aws_iam_role_policy_attachment.eks_cluster_policy",
            "aws_iam_role_policy_attachment.node_cni",
            "aws_iam_role_policy_attachment.node_ecr",
            "aws_iam_role_policy_attachment.node_worker",
            "aws_kms_key.eks",
            "aws_subnet.private",
            "aws_vpc.main",
            "data.aws_caller_identity.current",
            "data.aws_iam_policy_document.eks_kms",
            "data.aws_partition.current"
          ]
        }
      ]
    },
    {
      "mode": "managed",
      "type": "aws_eks_addon",
      "name": "ebs_csi",
      "provider": "provider[\"registry.terraform.io/hashicorp/aws\"]",
      "instances": [
        {
          "schema_version": 0,
          "attributes": {
            "addon_name": "aws-ebs-csi-driver",
            "addon_version": "v1.66.0-eksbuild.1",
            "arn": "arn:aws:eks:ap-northeast-2:202035712420:addon/msa-eks-cluster/aws-ebs-csi-driver/20d0610d-9601-142c-f383-6db25cafc770",
            "cluster_name": "msa-eks-cluster",
            "configuration_values": "",
            "created_at": "2026-09-21T03:55:56Z",
            "id": "msa-eks-cluster:aws-ebs-csi-driver",
            "modified_at": "2026-09-21T03:56:22Z",
            "pod_identity_association": [],
            "preserve": null,
            "resolve_conflicts": null,
            "resolve_conflicts_on_create": "OVERWRITE",
            "resolve_conflicts_on_update": "OVERWRITE",
            "service_account_role_arn": "arn:aws:iam::202035712420:role/msa-eks-cluster-ebs-csi-role",
            "tags": {
              "Environment": "dev",
              "ManagedBy": "terraform",
              "Project": "msa-autoscaling"
            },
            "tags_all": {
              "Environment": "dev",
              "ManagedBy": "terraform",
              "Project": "msa-autoscaling"
            },
            "timeouts": null
          },
          "sensitive_attributes": [],
          "identity_schema_version": 0,
          "private": "eyJlMmJmYjczMC1lY2FhLTExZTYtOGY4OC0zNDM2M2JjN2M0YzAiOnsiY3JlYXRlIjoxMjAwMDAwMDAwMDAwLCJkZWxldGUiOjI0MDAwMDAwMDAwMDAsInVwZGF0ZSI6MTIwMDAwMDAwMDAwMH19",
          "dependencies": [
            "aws_cloudwatch_log_group.eks",
            "aws_eks_cluster.main",
            "aws_eks_node_group.core",
            "aws_iam_openid_connect_provider.eks",
            "aws_iam_role.ebs_csi",
            "aws_iam_role.eks_cluster",
            "aws_iam_role.node_group",
            "aws_iam_role_policy_attachment.eks_cluster_policy",
            "aws_iam_role_policy_attachment.node_cni",
            "aws_iam_role_policy_attachment.node_ecr",
            "aws_iam_role_policy_attachment.node_worker",
            "aws_kms_key.eks",
            "aws_subnet.private",
            "aws_vpc.main",
            "data.aws_caller_identity.current",
            "data.aws_iam_policy_document.eks_kms",
            "data.aws_partition.current",
            "data.tls_certificate.eks"
          ]
        }
      ]
    },
    {
      "mode": "managed",
      "type": "aws_eks_addon",
      "name": "kube_proxy",
      "provider": "provider[\"registry.terraform.io/hashicorp/aws\"]",
      "instances": [
        {
          "schema_version": 0,
          "attributes": {
            "addon_name": "kube-proxy",
            "addon_version": "v1.30.14-eksbuild.42",
            "arn": "arn:aws:eks:ap-northeast-2:202035712420:addon/msa-eks-cluster/kube-proxy/aad060d0-52c6-85dd-5ccf-f9b96bde74de",
            "cluster_name": "msa-eks-cluster",
            "configuration_values": "",
            "created_at": "2026-09-21T01:42:06Z",
            "id": "msa-eks-cluster:kube-proxy",
            "modified_at": "2026-09-21T01:42:12Z",
            "pod_identity_association": [],
            "preserve": null,
            "resolve_conflicts": null,
            "resolve_conflicts_on_create": "OVERWRITE",
            "resolve_conflicts_on_update": "OVERWRITE",
            "service_account_role_arn": "",
            "tags": {
              "Environment": "dev",
              "ManagedBy": "terraform",
              "Project": "msa-autoscaling"
            },
            "tags_all": {
              "Environment": "dev",
              "ManagedBy": "terraform",
              "Project": "msa-autoscaling"
            },
            "timeouts": null
          },
          "sensitive_attributes": [],
          "identity_schema_version": 0,
          "private": "eyJlMmJmYjczMC1lY2FhLTExZTYtOGY4OC0zNDM2M2JjN2M0YzAiOnsiY3JlYXRlIjoxMjAwMDAwMDAwMDAwLCJkZWxldGUiOjI0MDAwMDAwMDAwMDAsInVwZGF0ZSI6MTIwMDAwMDAwMDAwMH19",
          "dependencies": [
            "aws_cloudwatch_log_group.eks",
            "aws_eks_cluster.main",
            "aws_iam_role.eks_cluster",
            "aws_iam_role_policy_attachment.eks_cluster_policy",
            "aws_kms_key.eks",
            "aws_subnet.private",
            "aws_vpc.main",
            "data.aws_caller_identity.current",
            "data.aws_iam_policy_document.eks_kms",
            "data.aws_partition.current"
          ]
        }
      ]
    },
    {
      "mode": "managed",
      "type": "aws_eks_addon",
      "name": "pod_identity",
      "provider": "provider[\"registry.terraform.io/hashicorp/aws\"]",
      "instances": [
        {
          "schema_version": 0,
          "attributes": {
            "addon_name": "eks-pod-identity-agent",
            "addon_version": "v1.3.10-eksbuild.3",
            "arn": "arn:aws:eks:ap-northeast-2:202035712420:addon/msa-eks-cluster/eks-pod-identity-agent/ded060d0-52c2-e043-2aa7-daca8156cde0",
            "cluster_name": "msa-eks-cluster",
            "configuration_values": "",
            "created_at": "2026-09-21T01:42:06Z",
            "id": "msa-eks-cluster:eks-pod-identity-agent",
            "modified_at": "2026-09-21T01:42:22Z",
            "pod_identity_association": [],
            "preserve": null,
            "resolve_conflicts": null,
            "resolve_conflicts_on_create": "OVERWRITE",
            "resolve_conflicts_on_update": "OVERWRITE",
            "service_account_role_arn": "",
            "tags": {
              "Environment": "dev",
              "ManagedBy": "terraform",
              "Project": "msa-autoscaling"
            },
            "tags_all": {
              "Environment": "dev",
              "ManagedBy": "terraform",
              "Project": "msa-autoscaling"
            },
            "timeouts": null
          },
          "sensitive_attributes": [],
          "identity_schema_version": 0,
          "private": "eyJlMmJmYjczMC1lY2FhLTExZTYtOGY4OC0zNDM2M2JjN2M0YzAiOnsiY3JlYXRlIjoxMjAwMDAwMDAwMDAwLCJkZWxldGUiOjI0MDAwMDAwMDAwMDAsInVwZGF0ZSI6MTIwMDAwMDAwMDAwMH19",
          "dependencies": [
            "aws_cloudwatch_log_group.eks",
            "aws_eks_cluster.main",
            "aws_iam_role.eks_cluster",
            "aws_iam_role_policy_attachment.eks_cluster_policy",
            "aws_kms_key.eks",
            "aws_subnet.private",
            "aws_vpc.main",
            "data.aws_caller_identity.current",
            "data.aws_iam_policy_document.eks_kms",
            "data.aws_partition.current"
          ]
        }
      ]
    },
    {
      "mode": "managed",
      "type": "aws_eks_addon",
      "name": "vpc_cni",
      "provider": "provider[\"registry.terraform.io/hashicorp/aws\"]",
      "instances": [
        {
          "schema_version": 0,
          "attributes": {
            "addon_name": "vpc-cni",
            "addon_version": "v1.22.3-eksbuild.1",
            "arn": "arn:aws:eks:ap-northeast-2:202035712420:addon/msa-eks-cluster/vpc-cni/28d060d0-52c2-178a-a5fc-b72f42dd30d6",
            "cluster_name": "msa-eks-cluster",
            "configuration_values": "{\"env\":{\"ENABLE_PREFIX_DELEGATION\":\"true\",\"WARM_PREFIX_TARGET\":\"1\"}}",
            "created_at": "2026-09-21T01:42:06Z",
            "id": "msa-eks-cluster:vpc-cni",
            "modified_at": "2026-09-21T01:42:12Z",
            "pod_identity_association": [],
            "preserve": null,
            "resolve_conflicts": null,
            "resolve_conflicts_on_create": "OVERWRITE",
            "resolve_conflicts_on_update": "OVERWRITE",
            "service_account_role_arn": "",
            "tags": {
              "Environment": "dev",
              "ManagedBy": "terraform",
              "Project": "msa-autoscaling"
            },
            "tags_all": {
              "Environment": "dev",
              "ManagedBy": "terraform",
              "Project": "msa-autoscaling"
            },
            "timeouts": null
          },
          "sensitive_attributes": [],
          "identity_schema_version": 0,
          "private": "eyJlMmJmYjczMC1lY2FhLTExZTYtOGY4OC0zNDM2M2JjN2M0YzAiOnsiY3JlYXRlIjoxMjAwMDAwMDAwMDAwLCJkZWxldGUiOjI0MDAwMDAwMDAwMDAsInVwZGF0ZSI6MTIwMDAwMDAwMDAwMH19",
          "dependencies": [
            "aws_cloudwatch_log_group.eks",
            "aws_eks_cluster.main",
            "aws_iam_role.eks_cluster",
            "aws_iam_role_policy_attachment.eks_cluster_policy",
            "aws_kms_key.eks",
            "aws_subnet.private",
            "aws_vpc.main",
            "data.aws_caller_identity.current",
            "data.aws_iam_policy_document.eks_kms",
            "data.aws_partition.current"
          ]
        }
      ]
    },
    {
      "mode": "managed",
      "type": "aws_eks_cluster",
      "name": "main",
      "provider": "provider[\"registry.terraform.io/hashicorp/aws\"]",
      "instances": [
        {
          "schema_version": 1,
          "attributes": {
            "access_config": [
              {
                "authentication_mode": "API_AND_CONFIG_MAP",
                "bootstrap_cluster_creator_admin_permissions": true
              }
            ],
            "arn": "arn:aws:eks:ap-northeast-2:202035712420:cluster/msa-eks-cluster",
            "bootstrap_self_managed_addons": true,
            "certificate_authority": [
              {
                "data": "LS0tLS1CRUdJTiBDRVJUSUZJQ0FURS0tLS0tCk1JSURNVENDQWhtZ0F3SUJBZ0lRYXRROW10Z0VidzVsSmN4WC9icHZuVEFOQmdrcWhraUc5dzBCQVFzRkFEQW4KTVJBd0RnWURWUVFLRXdkQlYxTWdSVXRUTVJNd0VRWURWUVFERXdwcmRXSmxjbTVsZEdWek1CNFhEVEkyTURreQpNVEF4TXpNeU0xb1hEVE14TURreU1EQXhNek15TTFvd0p6RVFNQTRHQTFVRUNoTUhRVmRUSUVWTFV6RVRNQkVHCkExVUVBeE1LYTNWaVpYSnVaWFJsY3pDQ0FTSXdEUVlKS29aSWh2Y05BUUVCQlFBRGdnRVBBRENDQVFvQ2dnRUIKQU8ySnczM3YzNkFFTjh3VU5TWjI3eTVsNU9qbVJ3U3hBMDlXUnNmUENkSENIMnozM25IZ0hManNXNVl6YkVFMwpEQ2FRMGRhUGRPY2xoakhLbUFZRFdaenpZOHdKMUJSVkNod0ZJQzBMS2IvZkFPZzU1N21DcmFHb0JhdzdJYUp6Ci9ncDFINW1vcVhkbDNIS01KbDk3OXFDeWhlZHoweVF5MFV4aFNXVDNENmpIS2JaUnIydElpdkUyQzlyTFJCQmEKOG52ZW1nMXlxNFl1N2xjdVc4Qm1adjlXdmJJZTZqaTgzaCtxRW9UV1RSZ3FVc1lia2pDTTR3NzR1bFZXT0dXUApweFQ2SWhqZTd0KzRlYkxOTm9nZXV5U3pJditCUWNkVDNkVWdkSHZDR0NXWGdUbUliOHNMVVBDNFRCMmhabEkwCmxyYmNlSmhYeHQyZmZOQ1NoZkxudzhNQ0F3RUFBYU5aTUZjd0RnWURWUjBQQVFIL0JBUURBZ0trTUE4R0ExVWQKRXdFQi93UUZNQU1CQWY4d0hRWURWUjBPQkJZRUZFbU5RV3A4ellLSzRua0hYM2dqU2N2QmZuVXRNQlVHQTFVZApFUVFPTUF5Q0NtdDFZbVZ5Ym1WMFpYTXdEUVlKS29aSWh2Y05BUUVMQlFBRGdnRUJBQWhodEh1MmxHRWpXYWFOCjN2VnpzaSs0SEwxbUNtcTk2UTAzemZNVlhwNHNPVXNUR3FkZmovMVAxbmV6U2VMQ1ZGUGdCZUtxV1lRZXQyQjUKbmtwMFJWMlZKY0s2b3pmeWFrbWROdmFwU2t2MVdpUytBRW0zcWZtRkpBckVjbm01cFdxWVNOVFA5Vm9XR3VsZwp3UGdzT0ZUaXhXN25BK3ZuYWJLSXVkYkxmdU9XdFhHeVh5TnpyTmdGQlNpTWduMjRoQW56aXdiV1MyVUFiaWNICjhtUDFhd3BURzNHR1ZzVk5mcU5EZkg1d0piN0pnTEtRZlVnU2tNbmNEMXc2VW5oaU9ZRmdqUzU4VmpZbVFDSTgKVWhVcHpMN1pwOHZYSGpCOGlCcVQxZEFESmpNOGw3Uysra3BWc1QyVUpYbHR1dzk4WjB3eFU0TTFmMW9KVTQrcgpndXVzZDJvPQotLS0tLUVORCBDRVJUSUZJQ0FURS0tLS0tCg=="
              }
            ],
            "cluster_id": null,
            "compute_config": [],
            "created_at": "2026-09-21T01:33:14Z",
            "enabled_cluster_log_types": [
              "api",
              "audit",
              "authenticator",
              "controllerManager",
              "scheduler"
            ],
            "encryption_config": [
              {
                "provider": [
                  {
                    "key_arn": "arn:aws:kms:ap-northeast-2:202035712420:key/633caaa6-7b07-4759-ba56-a49dc6a27cdc"
                  }
                ],
                "resources": [
                  "secrets"
                ]
              }
            ],
            "endpoint": "https://2B1B564C14B53AB870F876C06BE336E7.gr7.ap-northeast-2.eks.amazonaws.com",
            "force_update_version": null,
            "id": "msa-eks-cluster",
            "identity": [
              {
                "oidc": [
                  {
                    "issuer": "https://oidc.eks.ap-northeast-2.amazonaws.com/id/2B1B564C14B53AB870F876C06BE336E7"
                  }
                ]
              }
            ],
            "kubernetes_network_config": [
              {
                "elastic_load_balancing": [
                  {
                    "enabled": false
                  }
                ],
                "ip_family": "ipv4",
                "service_ipv4_cidr": "172.20.0.0/16",
                "service_ipv6_cidr": ""
              }
            ],
            "name": "msa-eks-cluster",
            "outpost_config": [],
            "platform_version": "eks.71",
            "remote_network_config": [],
            "role_arn": "arn:aws:iam::202035712420:role/msa-eks-cluster-cluster-role",
            "status": "ACTIVE",
            "storage_config": [],
            "tags": {
              "Environment": "dev",
              "ManagedBy": "terraform",
              "Project": "msa-autoscaling"
            },
            "tags_all": {
              "Environment": "dev",
              "ManagedBy": "terraform",
              "Project": "msa-autoscaling"
            },
            "timeouts": null,
            "upgrade_policy": [
              {
                "support_type": "EXTENDED"
              }
            ],
            "version": "1.31",
            "vpc_config": [
              {
                "cluster_security_group_id": "sg-0b4e515c875910be0",
                "endpoint_private_access": true,
                "endpoint_public_access": true,
                "public_access_cidrs": [
                  "0.0.0.0/0"
                ],
                "security_group_ids": [],
                "subnet_ids": [
                  "subnet-018bb3e13ba7899c3",
                  "subnet-0400d81a906f6df34"
                ],
                "vpc_id": "vpc-0922a3aa86c9c26f4"
              }
            ],
            "zonal_shift_config": []
          },
          "sensitive_attributes": [],
          "identity_schema_version": 0,
          "private": "eyJlMmJmYjczMC1lY2FhLTExZTYtOGY4OC0zNDM2M2JjN2M0YzAiOnsiY3JlYXRlIjoxODAwMDAwMDAwMDAwLCJkZWxldGUiOjkwMDAwMDAwMDAwMCwidXBkYXRlIjozNjAwMDAwMDAwMDAwfSwic2NoZW1hX3ZlcnNpb24iOiIxIn0=",
          "dependencies": [
            "aws_cloudwatch_log_group.eks",
            "aws_iam_role.eks_cluster",
            "aws_iam_role_policy_attachment.eks_cluster_policy",
            "aws_kms_key.eks",
            "aws_subnet.private",
            "aws_vpc.main",
            "data.aws_caller_identity.current",
            "data.aws_iam_policy_document.eks_kms",
            "data.aws_partition.current"
          ]
        }
      ]
    },
    {
      "mode": "managed",
      "type": "aws_eks_node_group",
      "name": "core",
      "provider": "provider[\"registry.terraform.io/hashicorp/aws\"]",
      "instances": [
        {
          "schema_version": 0,
          "attributes": {
            "ami_type": "AL2023_x86_64_STANDARD",
            "arn": "arn:aws:eks:ap-northeast-2:202035712420:nodegroup/msa-eks-cluster/core-nodegroup/00d0610c-ffa4-5d4d-c9b1-22f6487160f4",
            "capacity_type": "ON_DEMAND",
            "cluster_name": "msa-eks-cluster",
            "disk_size": 20,
            "force_update_version": null,
            "id": "msa-eks-cluster:core-nodegroup",
            "instance_types": [
              "m7i.large"
            ],
            "labels": {
              "node-role": "core"
            },
            "launch_template": [],
            "node_group_name": "core-nodegroup",
            "node_group_name_prefix": "",
            "node_repair_config": [],
            "node_role_arn": "arn:aws:iam::202035712420:role/msa-eks-cluster-node-role",
            "release_version": "1.31.14-20260917",
            "remote_access": [],
            "resources": [
              {
                "autoscaling_groups": [
                  {
                    "name": "eks-core-nodegroup-00d0610c-ffa4-5d4d-c9b1-22f6487160f4"
                  }
                ],
                "remote_access_security_group_id": ""
              }
            ],
            "scaling_config": [
              {
                "desired_size": 2,
                "max_size": 4,
                "min_size": 2
              }
            ],
            "status": "ACTIVE",
            "subnet_ids": [
              "subnet-018bb3e13ba7899c3",
              "subnet-0400d81a906f6df34"
            ],
            "tags": {
              "Environment": "dev",
              "ManagedBy": "terraform",
              "Project": "msa-autoscaling"
            },
            "tags_all": {
              "Environment": "dev",
              "ManagedBy": "terraform",
              "Project": "msa-autoscaling"
            },
            "taint": [],
            "timeouts": null,
            "update_config": [
              {
                "max_unavailable": 1,
                "max_unavailable_percentage": 0
              }
            ],
            "version": "1.31"
          },
          "sensitive_attributes": [],
          "identity_schema_version": 0,
          "private": "eyJlMmJmYjczMC1lY2FhLTExZTYtOGY4OC0zNDM2M2JjN2M0YzAiOnsiY3JlYXRlIjozNjAwMDAwMDAwMDAwLCJkZWxldGUiOjM2MDAwMDAwMDAwMDAsInVwZGF0ZSI6MzYwMDAwMDAwMDAwMH19",
          "dependencies": [
            "aws_cloudwatch_log_group.eks",
            "aws_eks_cluster.main",
            "aws_iam_role.eks_cluster",
            "aws_iam_role.node_group",
            "aws_iam_role_policy_attachment.eks_cluster_policy",
            "aws_iam_role_policy_attachment.node_cni",
            "aws_iam_role_policy_attachment.node_ecr",
            "aws_iam_role_policy_attachment.node_worker",
            "aws_kms_key.eks",
            "aws_subnet.private",
            "aws_vpc.main",
            "data.aws_caller_identity.current",
            "data.aws_iam_policy_document.eks_kms",
            "data.aws_partition.current"
          ]
        }
      ]
    },
    {
      "mode": "managed",
      "type": "aws_iam_openid_connect_provider",
      "name": "eks",
      "provider": "provider[\"registry.terraform.io/hashicorp/aws\"]",
      "instances": [
        {
          "schema_version": 0,
          "attributes": {
            "arn": "arn:aws:iam::202035712420:oidc-provider/oidc.eks.ap-northeast-2.amazonaws.com/id/2B1B564C14B53AB870F876C06BE336E7",
            "client_id_list": [
              "sts.amazonaws.com"
            ],
            "id": "arn:aws:iam::202035712420:oidc-provider/oidc.eks.ap-northeast-2.amazonaws.com/id/2B1B564C14B53AB870F876C06BE336E7",
            "tags": {
              "Environment": "dev",
              "ManagedBy": "terraform",
              "Project": "msa-autoscaling"
            },
            "tags_all": {
              "Environment": "dev",
              "ManagedBy": "terraform",
              "Project": "msa-autoscaling"
            },
            "thumbprint_list": [
              "06b25927c42a721631c1efd9431e648fa62e1e39"
            ],
            "url": "oidc.eks.ap-northeast-2.amazonaws.com/id/2B1B564C14B53AB870F876C06BE336E7"
          },
          "sensitive_attributes": [],
          "identity_schema_version": 0,
          "private": "bnVsbA==",
          "dependencies": [
            "aws_cloudwatch_log_group.eks",
            "aws_eks_cluster.main",
            "aws_iam_role.eks_cluster",
            "aws_iam_role_policy_attachment.eks_cluster_policy",
            "aws_kms_key.eks",
            "aws_subnet.private",
            "aws_vpc.main",
            "data.aws_caller_identity.current",
            "data.aws_iam_policy_document.eks_kms",
            "data.aws_partition.current",
            "data.tls_certificate.eks"
          ]
        }
      ]
    },
    {
      "mode": "managed",
      "type": "aws_iam_policy",
      "name": "alb_controller",
      "provider": "provider[\"registry.terraform.io/hashicorp/aws\"]",
      "instances": [
        {
          "schema_version": 0,
          "attributes": {
            "arn": "arn:aws:iam::202035712420:policy/msa-eks-cluster-alb-controller-policy",
            "attachment_count": 1,
            "description": "",
            "id": "arn:aws:iam::202035712420:policy/msa-eks-cluster-alb-controller-policy",
            "name": "msa-eks-cluster-alb-controller-policy",
            "name_prefix": "",
            "path": "/",
            "policy": "{\"Statement\":[{\"Action\":[\"elasticloadbalancing:*\",\"ec2:Describe*\",\"ec2:CreateSecurityGroup\",\"ec2:CreateTags\",\"ec2:DeleteTags\",\"ec2:AuthorizeSecurityGroupIngress\",\"ec2:RevokeSecurityGroupIngress\",\"ec2:DeleteSecurityGroup\",\"acm:ListCertificates\",\"acm:DescribeCertificate\",\"iam:CreateServiceLinkedRole\",\"cognito-idp:DescribeUserPoolClient\",\"wafv2:GetWebACL\",\"wafv2:AssociateWebACL\",\"shield:GetSubscriptionState\"],\"Effect\":\"Allow\",\"Resource\":\"*\"}],\"Version\":\"2012-10-17\"}",
            "policy_id": "ANPAS6CSEKGSG44Q5B6CT",
            "tags": {},
            "tags_all": {}
          },
          "sensitive_attributes": [],
          "identity_schema_version": 0,
          "private": "bnVsbA=="
        }
      ]
    },
    {
      "mode": "managed",
      "type": "aws_iam_policy",
      "name": "karpenter_controller",
      "provider": "provider[\"registry.terraform.io/hashicorp/aws\"]",
      "instances": [
        {
          "schema_version": 0,
          "attributes": {
            "arn": "arn:aws:iam::202035712420:policy/msa-eks-cluster-karpenter-controller-policy",
            "attachment_count": 1,
            "description": "",
            "id": "arn:aws:iam::202035712420:policy/msa-eks-cluster-karpenter-controller-policy",
            "name": "msa-eks-cluster-karpenter-controller-policy",
            "name_prefix": "",
            "path": "/",
            "policy": "{\"Statement\":[{\"Action\":[\"ec2:RunInstances\",\"ec2:CreateFleet\",\"ec2:CreateLaunchTemplate\",\"ec2:DeleteLaunchTemplate\",\"ec2:TerminateInstances\",\"ec2:CreateTags\"],\"Effect\":\"Allow\",\"Resource\":\"*\",\"Sid\":\"AllowScopedEC2InstanceActions\"},{\"Action\":[\"ec2:DescribeLaunchTemplates\",\"ec2:DescribeInstances\",\"ec2:DescribeInstanceTypes\",\"ec2:DescribeInstanceTypeOfferings\",\"ec2:DescribeAvailabilityZones\",\"ec2:DescribeSubnets\",\"ec2:DescribeSecurityGroups\",\"ec2:DescribeSpotPriceHistory\",\"ec2:DescribeImages\",\"pricing:GetProducts\"],\"Effect\":\"Allow\",\"Resource\":\"*\",\"Sid\":\"AllowReadActions\"},{\"Action\":[\"ssm:GetParameter\"],\"Effect\":\"Allow\",\"Resource\":\"arn:aws:ssm:ap-northeast-2::parameter/aws/service/*\",\"Sid\":\"AllowSSMReadForAMI\"},{\"Action\":[\"iam:CreateInstanceProfile\",\"iam:DeleteInstanceProfile\",\"iam:GetInstanceProfile\",\"iam:TagInstanceProfile\",\"iam:AddRoleToInstanceProfile\",\"iam:RemoveRoleFromInstanceProfile\"],\"Effect\":\"Allow\",\"Resource\":\"*\",\"Sid\":\"AllowInstanceProfileManagement\"},{\"Action\":\"iam:PassRole\",\"Condition\":{\"StringEquals\":{\"iam:PassedToService\":\"ec2.amazonaws.com\"}},\"Effect\":\"Allow\",\"Resource\":\"arn:aws:iam::202035712420:role/msa-eks-cluster-node-role\",\"Sid\":\"AllowPassingInstanceRole\"},{\"Action\":\"eks:DescribeCluster\",\"Effect\":\"Allow\",\"Resource\":\"arn:aws:eks:ap-northeast-2:202035712420:cluster/msa-eks-cluster\",\"Sid\":\"AllowClusterEndpointLookup\"},{\"Action\":[\"sqs:DeleteMessage\",\"sqs:GetQueueUrl\",\"sqs:ReceiveMessage\"],\"Effect\":\"Allow\",\"Resource\":\"arn:aws:sqs:ap-northeast-2:202035712420:msa-eks-cluster-karpenter-interruption\",\"Sid\":\"AllowInterruptionQueueActions\"}],\"Version\":\"2012-10-17\"}",
            "policy_id": "ANPAS6CSEKGSDX6XY5A2C",
            "tags": {},
            "tags_all": {}
          },
          "sensitive_attributes": [],
          "identity_schema_version": 0,
          "private": "bnVsbA==",
          "dependencies": [
            "aws_cloudwatch_log_group.eks",
            "aws_eks_cluster.main",
            "aws_iam_role.eks_cluster",
            "aws_iam_role.node_group",
            "aws_iam_role_policy_attachment.eks_cluster_policy",
            "aws_kms_key.eks",
            "aws_sqs_queue.karpenter_interruption",
            "aws_subnet.private",
            "aws_vpc.main",
            "data.aws_caller_identity.current",
            "data.aws_iam_policy_document.eks_kms",
            "data.aws_partition.current"
          ]
        }
      ]
    },
    {
      "mode": "managed",
      "type": "aws_iam_role",
      "name": "alb_controller",
      "provider": "provider[\"registry.terraform.io/hashicorp/aws\"]",
      "instances": [
        {
          "schema_version": 0,
          "attributes": {
            "arn": "arn:aws:iam::202035712420:role/msa-eks-cluster-alb-controller",
            "assume_role_policy": "{\"Statement\":[{\"Action\":\"sts:AssumeRoleWithWebIdentity\",\"Condition\":{\"StringEquals\":{\"oidc.eks.ap-northeast-2.amazonaws.com/id/2B1B564C14B53AB870F876C06BE336E7:aud\":\"sts.amazonaws.com\",\"oidc.eks.ap-northeast-2.amazonaws.com/id/2B1B564C14B53AB870F876C06BE336E7:sub\":\"system:serviceaccount:kube-system:aws-load-balancer-controller\"}},\"Effect\":\"Allow\",\"Principal\":{\"Federated\":\"arn:aws:iam::202035712420:oidc-provider/oidc.eks.ap-northeast-2.amazonaws.com/id/2B1B564C14B53AB870F876C06BE336E7\"}}],\"Version\":\"2012-10-17\"}",
            "create_date": "2026-09-21T01:42:07Z",
            "description": "",
            "force_detach_policies": false,
            "id": "msa-eks-cluster-alb-controller",
            "inline_policy": [],
            "managed_policy_arns": [
              "arn:aws:iam::202035712420:policy/msa-eks-cluster-alb-controller-policy"
            ],
            "max_session_duration": 3600,
            "name": "msa-eks-cluster-alb-controller",
            "name_prefix": "",
            "path": "/",
            "permissions_boundary": "",
            "tags": {
              "Environment": "dev",
              "ManagedBy": "terraform",
              "Project": "msa-autoscaling"
            },
            "tags_all": {
              "Environment": "dev",
              "ManagedBy": "terraform",
              "Project": "msa-autoscaling"
            },
            "unique_id": "AROAS6CSEKGSH4Z5MDFEJ"
          },
          "sensitive_attributes": [],
          "identity_schema_version": 0,
          "private": "bnVsbA==",
          "dependencies": [
            "aws_cloudwatch_log_group.eks",
            "aws_eks_cluster.main",
            "aws_iam_openid_connect_provider.eks",
            "aws_iam_role.eks_cluster",
            "aws_iam_role_policy_attachment.eks_cluster_policy",
            "aws_kms_key.eks",
            "aws_subnet.private",
            "aws_vpc.main",
            "data.aws_caller_identity.current",
            "data.aws_iam_policy_document.eks_kms",
            "data.aws_partition.current",
            "data.tls_certificate.eks"
          ]
        }
      ]
    },
    {
      "mode": "managed",
      "type": "aws_iam_role",
      "name": "ebs_csi",
      "provider": "provider[\"registry.terraform.io/hashicorp/aws\"]",
      "instances": [
        {
          "schema_version": 0,
          "attributes": {
            "arn": "arn:aws:iam::202035712420:role/msa-eks-cluster-ebs-csi-role",
            "assume_role_policy": "{\"Statement\":[{\"Action\":\"sts:AssumeRoleWithWebIdentity\",\"Condition\":{\"StringEquals\":{\"oidc.eks.ap-northeast-2.amazonaws.com/id/2B1B564C14B53AB870F876C06BE336E7:aud\":\"sts.amazonaws.com\",\"oidc.eks.ap-northeast-2.amazonaws.com/id/2B1B564C14B53AB870F876C06BE336E7:sub\":\"system:serviceaccount:kube-system:ebs-csi-controller-sa\"}},\"Effect\":\"Allow\",\"Principal\":{\"Federated\":\"arn:aws:iam::202035712420:oidc-provider/oidc.eks.ap-northeast-2.amazonaws.com/id/2B1B564C14B53AB870F876C06BE336E7\"}}],\"Version\":\"2012-10-17\"}",
            "create_date": "2026-09-21T01:42:07Z",
            "description": "",
            "force_detach_policies": false,
            "id": "msa-eks-cluster-ebs-csi-role",
            "inline_policy": [],
            "managed_policy_arns": [
              "arn:aws:iam::aws:policy/service-role/AmazonEBSCSIDriverPolicy"
            ],
            "max_session_duration": 3600,
            "name": "msa-eks-cluster-ebs-csi-role",
            "name_prefix": "",
            "path": "/",
            "permissions_boundary": "",
            "tags": {
              "Environment": "dev",
              "ManagedBy": "terraform",
              "Project": "msa-autoscaling"
            },
            "tags_all": {
              "Environment": "dev",
              "ManagedBy": "terraform",
              "Project": "msa-autoscaling"
            },
            "unique_id": "AROAS6CSEKGSHN3V3ZEXT"
          },
          "sensitive_attributes": [],
          "identity_schema_version": 0,
          "private": "bnVsbA==",
          "dependencies": [
            "aws_cloudwatch_log_group.eks",
            "aws_eks_cluster.main",
            "aws_iam_openid_connect_provider.eks",
            "aws_iam_role.eks_cluster",
            "aws_iam_role_policy_attachment.eks_cluster_policy",
            "aws_kms_key.eks",
            "aws_subnet.private",
            "aws_vpc.main",
            "data.aws_caller_identity.current",
            "data.aws_iam_policy_document.eks_kms",
            "data.aws_partition.current",
            "data.tls_certificate.eks"
          ]
        }
      ]
    },
    {
      "mode": "managed",
      "type": "aws_iam_role",
      "name": "eks_cluster",
      "provider": "provider[\"registry.terraform.io/hashicorp/aws\"]",
      "instances": [
        {
          "schema_version": 0,
          "attributes": {
            "arn": "arn:aws:iam::202035712420:role/msa-eks-cluster-cluster-role",
            "assume_role_policy": "{\"Statement\":[{\"Action\":\"sts:AssumeRole\",\"Effect\":\"Allow\",\"Principal\":{\"Service\":\"eks.amazonaws.com\"}}],\"Version\":\"2012-10-17\"}",
            "create_date": "2026-09-21T01:32:47Z",
            "description": "",
            "force_detach_policies": false,
            "id": "msa-eks-cluster-cluster-role",
            "inline_policy": [],
            "managed_policy_arns": [
              "arn:aws:iam::aws:policy/AmazonEKSClusterPolicy"
            ],
            "max_session_duration": 3600,
            "name": "msa-eks-cluster-cluster-role",
            "name_prefix": "",
            "path": "/",
            "permissions_boundary": "",
            "tags": {
              "Environment": "dev",
              "ManagedBy": "terraform",
              "Project": "msa-autoscaling"
            },
            "tags_all": {
              "Environment": "dev",
              "ManagedBy": "terraform",
              "Project": "msa-autoscaling"
            },
            "unique_id": "AROAS6CSEKGSAOGY7ZXP7"
          },
          "sensitive_attributes": [],
          "identity_schema_version": 0,
          "private": "bnVsbA=="
        }
      ]
    },
    {
      "mode": "managed",
      "type": "aws_iam_role",
      "name": "karpenter_controller",
      "provider": "provider[\"registry.terraform.io/hashicorp/aws\"]",
      "instances": [
        {
          "schema_version": 0,
          "attributes": {
            "arn": "arn:aws:iam::202035712420:role/msa-eks-cluster-karpenter-controller",
            "assume_role_policy": "{\"Statement\":[{\"Action\":\"sts:AssumeRoleWithWebIdentity\",\"Condition\":{\"StringEquals\":{\"oidc.eks.ap-northeast-2.amazonaws.com/id/2B1B564C14B53AB870F876C06BE336E7:aud\":\"sts.amazonaws.com\",\"oidc.eks.ap-northeast-2.amazonaws.com/id/2B1B564C14B53AB870F876C06BE336E7:sub\":\"system:serviceaccount:kube-system:karpenter\"}},\"Effect\":\"Allow\",\"Principal\":{\"Federated\":\"arn:aws:iam::202035712420:oidc-provider/oidc.eks.ap-northeast-2.amazonaws.com/id/2B1B564C14B53AB870F876C06BE336E7\"}}],\"Version\":\"2012-10-17\"}",
            "create_date": "2026-09-21T01:42:07Z",
            "description": "",
            "force_detach_policies": false,
            "id": "msa-eks-cluster-karpenter-controller",
            "inline_policy": [],
            "managed_policy_arns": [
              "arn:aws:iam::202035712420:policy/msa-eks-cluster-karpenter-controller-policy"
            ],
            "max_session_duration": 3600,
            "name": "msa-eks-cluster-karpenter-controller",
            "name_prefix": "",
            "path": "/",
            "permissions_boundary": "",
            "tags": {
              "Environment": "dev",
              "ManagedBy": "terraform",
              "Project": "msa-autoscaling"
            },
            "tags_all": {
              "Environment": "dev",
              "ManagedBy": "terraform",
              "Project": "msa-autoscaling"
            },
            "unique_id": "AROAS6CSEKGSB3GFUSQWO"
          },
          "sensitive_attributes": [],
          "identity_schema_version": 0,
          "private": "bnVsbA==",
          "dependencies": [
            "aws_cloudwatch_log_group.eks",
            "aws_eks_cluster.main",
            "aws_iam_openid_connect_provider.eks",
            "aws_iam_role.eks_cluster",
            "aws_iam_role_policy_attachment.eks_cluster_policy",
            "aws_kms_key.eks",
            "aws_subnet.private",
            "aws_vpc.main",
            "data.aws_caller_identity.current",
            "data.aws_iam_policy_document.eks_kms",
            "data.aws_partition.current",
            "data.tls_certificate.eks"
          ]
        }
      ]
    },
    {
      "mode": "managed",
      "type": "aws_iam_role",
      "name": "node_group",
      "provider": "provider[\"registry.terraform.io/hashicorp/aws\"]",
      "instances": [
        {
          "schema_version": 0,
          "attributes": {
            "arn": "arn:aws:iam::202035712420:role/msa-eks-cluster-node-role",
            "assume_role_policy": "{\"Statement\":[{\"Action\":\"sts:AssumeRole\",\"Effect\":\"Allow\",\"Principal\":{\"Service\":\"ec2.amazonaws.com\"}}],\"Version\":\"2012-10-17\"}",
            "create_date": "2026-09-21T01:32:47Z",
            "description": "",
            "force_detach_policies": false,
            "id": "msa-eks-cluster-node-role",
            "inline_policy": [],
            "managed_policy_arns": [
              "arn:aws:iam::aws:policy/AmazonEC2ContainerRegistryReadOnly",
              "arn:aws:iam::aws:policy/AmazonEKSWorkerNodePolicy",
              "arn:aws:iam::aws:policy/AmazonEKS_CNI_Policy",
              "arn:aws:iam::aws:policy/AmazonSSMManagedInstanceCore"
            ],
            "max_session_duration": 3600,
            "name": "msa-eks-cluster-node-role",
            "name_prefix": "",
            "path": "/",
            "permissions_boundary": "",
            "tags": {
              "Environment": "dev",
              "ManagedBy": "terraform",
              "Project": "msa-autoscaling"
            },
            "tags_all": {
              "Environment": "dev",
              "ManagedBy": "terraform",
              "Project": "msa-autoscaling"
            },
            "unique_id": "AROAS6CSEKGSNXYHVBRJ5"
          },
          "sensitive_attributes": [],
          "identity_schema_version": 0,
          "private": "bnVsbA=="
        }
      ]
    },
    {
      "mode": "managed",
      "type": "aws_iam_role_policy_attachment",
      "name": "alb_controller",
      "provider": "provider[\"registry.terraform.io/hashicorp/aws\"]",
      "instances": [
        {
          "schema_version": 0,
          "attributes": {
            "id": "msa-eks-cluster-alb-controller-2026092101421066020000000f",
            "policy_arn": "arn:aws:iam::202035712420:policy/msa-eks-cluster-alb-controller-policy",
            "role": "msa-eks-cluster-alb-controller"
          },
          "sensitive_attributes": [],
          "identity_schema_version": 0,
          "private": "bnVsbA==",
          "dependencies": [
            "aws_cloudwatch_log_group.eks",
            "aws_eks_cluster.main",
            "aws_iam_openid_connect_provider.eks",
            "aws_iam_policy.alb_controller",
            "aws_iam_role.alb_controller",
            "aws_iam_role.eks_cluster",
            "aws_iam_role_policy_attachment.eks_cluster_policy",
            "aws_kms_key.eks",
            "aws_subnet.private",
            "aws_vpc.main",
            "data.aws_caller_identity.current",
            "data.aws_iam_policy_document.eks_kms",
            "data.aws_partition.current",
            "data.tls_certificate.eks"
          ]
        }
      ]
    },
    {
      "mode": "managed",
      "type": "aws_iam_role_policy_attachment",
      "name": "ebs_csi",
      "provider": "provider[\"registry.terraform.io/hashicorp/aws\"]",
      "instances": [
        {
          "schema_version": 0,
          "attributes": {
            "id": "msa-eks-cluster-ebs-csi-role-2026092101421056850000000d",
            "policy_arn": "arn:aws:iam::aws:policy/service-role/AmazonEBSCSIDriverPolicy",
            "role": "msa-eks-cluster-ebs-csi-role"
          },
          "sensitive_attributes": [],
          "identity_schema_version": 0,
          "private": "bnVsbA==",
          "dependencies": [
            "aws_cloudwatch_log_group.eks",
            "aws_eks_cluster.main",
            "aws_iam_openid_connect_provider.eks",
            "aws_iam_role.ebs_csi",
            "aws_iam_role.eks_cluster",
            "aws_iam_role_policy_attachment.eks_cluster_policy",
            "aws_kms_key.eks",
            "aws_subnet.private",
            "aws_vpc.main",
            "data.aws_caller_identity.current",
            "data.aws_iam_policy_document.eks_kms",
            "data.aws_partition.current",
            "data.tls_certificate.eks"
          ]
        }
      ]
    },
    {
      "mode": "managed",
      "type": "aws_iam_role_policy_attachment",
      "name": "eks_cluster_policy",
      "provider": "provider[\"registry.terraform.io/hashicorp/aws\"]",
      "instances": [
        {
          "schema_version": 0,
          "attributes": {
            "id": "msa-eks-cluster-cluster-role-20260921013251433400000005",
            "policy_arn": "arn:aws:iam::aws:policy/AmazonEKSClusterPolicy",
            "role": "msa-eks-cluster-cluster-role"
          },
          "sensitive_attributes": [],
          "identity_schema_version": 0,
          "private": "bnVsbA==",
          "dependencies": [
            "aws_iam_role.eks_cluster"
          ]
        }
      ]
    },
    {
      "mode": "managed",
      "type": "aws_iam_role_policy_attachment",
      "name": "karpenter_controller",
      "provider": "provider[\"registry.terraform.io/hashicorp/aws\"]",
      "instances": [
        {
          "schema_version": 0,
          "attributes": {
            "id": "msa-eks-cluster-karpenter-controller-2026092101421063140000000e",
            "policy_arn": "arn:aws:iam::202035712420:policy/msa-eks-cluster-karpenter-controller-policy",
            "role": "msa-eks-cluster-karpenter-controller"
          },
          "sensitive_attributes": [],
          "identity_schema_version": 0,
          "private": "bnVsbA==",
          "dependencies": [
            "aws_cloudwatch_log_group.eks",
            "aws_eks_cluster.main",
            "aws_iam_openid_connect_provider.eks",
            "aws_iam_policy.karpenter_controller",
            "aws_iam_role.eks_cluster",
            "aws_iam_role.karpenter_controller",
            "aws_iam_role.node_group",
            "aws_iam_role_policy_attachment.eks_cluster_policy",
            "aws_kms_key.eks",
            "aws_sqs_queue.karpenter_interruption",
            "aws_subnet.private",
            "aws_vpc.main",
            "data.aws_caller_identity.current",
            "data.aws_iam_policy_document.eks_kms",
            "data.aws_partition.current",
            "data.tls_certificate.eks"
          ]
        }
      ]
    },
    {
      "mode": "managed",
      "type": "aws_iam_role_policy_attachment",
      "name": "node_cni",
      "provider": "provider[\"registry.terraform.io/hashicorp/aws\"]",
      "instances": [
        {
          "schema_version": 0,
          "attributes": {
            "id": "msa-eks-cluster-node-role-20260921013251339800000003",
            "policy_arn": "arn:aws:iam::aws:policy/AmazonEKS_CNI_Policy",
            "role": "msa-eks-cluster-node-role"
          },
          "sensitive_attributes": [],
          "identity_schema_version": 0,
          "private": "bnVsbA==",
          "dependencies": [
            "aws_iam_role.node_group"
          ]
        }
      ]
    },
    {
      "mode": "managed",
      "type": "aws_iam_role_policy_attachment",
      "name": "node_ecr",
      "provider": "provider[\"registry.terraform.io/hashicorp/aws\"]",
      "instances": [
        {
          "schema_version": 0,
          "attributes": {
            "id": "msa-eks-cluster-node-role-20260921013251162500000002",
            "policy_arn": "arn:aws:iam::aws:policy/AmazonEC2ContainerRegistryReadOnly",
            "role": "msa-eks-cluster-node-role"
          },
          "sensitive_attributes": [],
          "identity_schema_version": 0,
          "private": "bnVsbA==",
          "dependencies": [
            "aws_iam_role.node_group"
          ]
        }
      ]
    },
    {
      "mode": "managed",
      "type": "aws_iam_role_policy_attachment",
      "name": "node_ssm",
      "provider": "provider[\"registry.terraform.io/hashicorp/aws\"]",
      "instances": [
        {
          "schema_version": 0,
          "attributes": {
            "id": "msa-eks-cluster-node-role-20260921013251350800000004",
            "policy_arn": "arn:aws:iam::aws:policy/AmazonSSMManagedInstanceCore",
            "role": "msa-eks-cluster-node-role"
          },
          "sensitive_attributes": [],
          "identity_schema_version": 0,
          "private": "bnVsbA==",
          "dependencies": [
            "aws_iam_role.node_group"
          ]
        }
      ]
    },
    {
      "mode": "managed",
      "type": "aws_iam_role_policy_attachment",
      "name": "node_worker",
      "provider": "provider[\"registry.terraform.io/hashicorp/aws\"]",
      "instances": [
        {
          "schema_version": 0,
          "attributes": {
            "id": "msa-eks-cluster-node-role-20260921013251110500000001",
            "policy_arn": "arn:aws:iam::aws:policy/AmazonEKSWorkerNodePolicy",
            "role": "msa-eks-cluster-node-role"
          },
          "sensitive_attributes": [],
          "identity_schema_version": 0,
          "private": "bnVsbA==",
          "dependencies": [
            "aws_iam_role.node_group"
          ]
        }
      ]
    },
    {
      "mode": "managed",
      "type": "aws_internet_gateway",
      "name": "igw",
      "provider": "provider[\"registry.terraform.io/hashicorp/aws\"]",
      "instances": [
        {
          "schema_version": 0,
          "attributes": {
            "arn": "arn:aws:ec2:ap-northeast-2:202035712420:internet-gateway/igw-0b56d8606fb5193ba",
            "id": "igw-0b56d8606fb5193ba",
            "owner_id": "202035712420",
            "tags": {
              "Environment": "dev",
              "ManagedBy": "terraform",
              "Name": "msa-eks-cluster-igw",
              "Project": "msa-autoscaling"
            },
            "tags_all": {
              "Environment": "dev",
              "ManagedBy": "terraform",
              "Name": "msa-eks-cluster-igw",
              "Project": "msa-autoscaling"
            },
            "timeouts": null,
            "vpc_id": "vpc-0922a3aa86c9c26f4"
          },
          "sensitive_attributes": [],
          "identity_schema_version": 0,
          "private": "eyJlMmJmYjczMC1lY2FhLTExZTYtOGY4OC0zNDM2M2JjN2M0YzAiOnsiY3JlYXRlIjoxMjAwMDAwMDAwMDAwLCJkZWxldGUiOjEyMDAwMDAwMDAwMDAsInVwZGF0ZSI6MTIwMDAwMDAwMDAwMH19",
          "dependencies": [
            "aws_vpc.main"
          ]
        }
      ]
    },
    {
      "mode": "managed",
      "type": "aws_kms_key",
      "name": "eks",
      "provider": "provider[\"registry.terraform.io/hashicorp/aws\"]",
      "instances": [
        {
          "schema_version": 0,
          "attributes": {
            "arn": "arn:aws:kms:ap-northeast-2:202035712420:key/633caaa6-7b07-4759-ba56-a49dc6a27cdc",
            "bypass_policy_lockout_safety_check": false,
            "custom_key_store_id": "",
            "customer_master_key_spec": "SYMMETRIC_DEFAULT",
            "deletion_window_in_days": 10,
            "description": "EKS msa-eks-cluster secret encryption",
            "enable_key_rotation": true,
            "id": "633caaa6-7b07-4759-ba56-a49dc6a27cdc",
            "is_enabled": true,
            "key_id": "633caaa6-7b07-4759-ba56-a49dc6a27cdc",
            "key_usage": "ENCRYPT_DECRYPT",
            "multi_region": false,
            "policy": "{\"Statement\":[{\"Action\":\"kms:*\",\"Effect\":\"Allow\",\"Principal\":{\"AWS\":\"arn:aws:iam::202035712420:root\"},\"Resource\":\"*\",\"Sid\":\"EnableRootAccountFullAccess\"},{\"Action\":[\"kms:GenerateDataKey*\",\"kms:Encrypt\",\"kms:DescribeKey\",\"kms:Decrypt\"],\"Effect\":\"Allow\",\"Principal\":{\"AWS\":\"arn:aws:iam::202035712420:role/msa-eks-cluster-cluster-role\"},\"Resource\":\"*\",\"Sid\":\"AllowEKSClusterRoleUsage\"}],\"Version\":\"2012-10-17\"}",
            "rotation_period_in_days": 365,
            "tags": {
              "Environment": "dev",
              "ManagedBy": "terraform",
              "Project": "msa-autoscaling"
            },
            "tags_all": {
              "Environment": "dev",
              "ManagedBy": "terraform",
              "Project": "msa-autoscaling"
            },
            "timeouts": null,
            "xks_key_id": ""
          },
          "sensitive_attributes": [],
          "identity_schema_version": 0,
          "private": "eyJlMmJmYjczMC1lY2FhLTExZTYtOGY4OC0zNDM2M2JjN2M0YzAiOnsiY3JlYXRlIjoxMjAwMDAwMDAwMDB9fQ==",
          "dependencies": [
            "aws_iam_role.eks_cluster",
            "data.aws_caller_identity.current",
            "data.aws_iam_policy_document.eks_kms",
            "data.aws_partition.current"
          ]
        }
      ]
    },
    {
      "mode": "managed",
      "type": "aws_nat_gateway",
      "name": "nat",
      "provider": "provider[\"registry.terraform.io/hashicorp/aws\"]",
      "instances": [
        {
          "index_key": 0,
          "schema_version": 0,
          "attributes": {
            "allocation_id": "eipalloc-0ad35bfbf3b072c48",
            "association_id": "eipassoc-048042c4ef915c042",
            "connectivity_type": "public",
            "id": "nat-0e32fe49029b38d97",
            "network_interface_id": "eni-0ac33cf762c661035",
            "private_ip": "10.0.4.243",
            "public_ip": "43.203.76.206",
            "secondary_allocation_ids": [],
            "secondary_private_ip_address_count": 0,
            "secondary_private_ip_addresses": [],
            "subnet_id": "subnet-0edd7239e0fddea67",
            "tags": {
              "Environment": "dev",
              "ManagedBy": "terraform",
              "Name": "msa-eks-cluster-nat-0",
              "Project": "msa-autoscaling"
            },
            "tags_all": {
              "Environment": "dev",
              "ManagedBy": "terraform",
              "Name": "msa-eks-cluster-nat-0",
              "Project": "msa-autoscaling"
            },
            "timeouts": null
          },
          "sensitive_attributes": [],
          "identity_schema_version": 0,
          "private": "eyJlMmJmYjczMC1lY2FhLTExZTYtOGY4OC0zNDM2M2JjN2M0YzAiOnsiY3JlYXRlIjo2MDAwMDAwMDAwMDAsImRlbGV0ZSI6MTgwMDAwMDAwMDAwMCwidXBkYXRlIjo2MDAwMDAwMDAwMDB9fQ==",
          "dependencies": [
            "aws_eip.nat",
            "aws_internet_gateway.igw",
            "aws_subnet.public",
            "aws_vpc.main"
          ]
        }
      ]
    },
    {
      "mode": "managed",
      "type": "aws_route_table",
      "name": "private",
      "provider": "provider[\"registry.terraform.io/hashicorp/aws\"]",
      "instances": [
        {
          "index_key": 0,
          "schema_version": 0,
          "attributes": {
            "arn": "arn:aws:ec2:ap-northeast-2:202035712420:route-table/rtb-02e16bd04d4a57e77",
            "id": "rtb-02e16bd04d4a57e77",
            "owner_id": "202035712420",
            "propagating_vgws": [],
            "route": [
              {
                "carrier_gateway_id": "",
                "cidr_block": "0.0.0.0/0",
                "core_network_arn": "",
                "destination_prefix_list_id": "",
                "egress_only_gateway_id": "",
                "gateway_id": "",
                "ipv6_cidr_block": "",
                "local_gateway_id": "",
                "nat_gateway_id": "nat-0e32fe49029b38d97",
                "network_interface_id": "",
                "transit_gateway_id": "",
                "vpc_endpoint_id": "",
                "vpc_peering_connection_id": ""
              }
            ],
            "tags": {
              "Environment": "dev",
              "ManagedBy": "terraform",
              "Name": "msa-eks-cluster-private-rt-0",
              "Project": "msa-autoscaling"
            },
            "tags_all": {
              "Environment": "dev",
              "ManagedBy": "terraform",
              "Name": "msa-eks-cluster-private-rt-0",
              "Project": "msa-autoscaling"
            },
            "timeouts": null,
            "vpc_id": "vpc-0922a3aa86c9c26f4"
          },
          "sensitive_attributes": [],
          "identity_schema_version": 0,
          "private": "eyJlMmJmYjczMC1lY2FhLTExZTYtOGY4OC0zNDM2M2JjN2M0YzAiOnsiY3JlYXRlIjozMDAwMDAwMDAwMDAsImRlbGV0ZSI6MzAwMDAwMDAwMDAwLCJ1cGRhdGUiOjEyMDAwMDAwMDAwMH19",
          "dependencies": [
            "aws_eip.nat",
            "aws_internet_gateway.igw",
            "aws_nat_gateway.nat",
            "aws_subnet.public",
            "aws_vpc.main"
          ]
        }
      ]
    },
    {
      "mode": "managed",
      "type": "aws_route_table",
      "name": "public",
      "provider": "provider[\"registry.terraform.io/hashicorp/aws\"]",
      "instances": [
        {
          "schema_version": 0,
          "attributes": {
            "arn": "arn:aws:ec2:ap-northeast-2:202035712420:route-table/rtb-04c4706d4185a67f4",
            "id": "rtb-04c4706d4185a67f4",
            "owner_id": "202035712420",
            "propagating_vgws": [],
            "route": [
              {
                "carrier_gateway_id": "",
                "cidr_block": "0.0.0.0/0",
                "core_network_arn": "",
                "destination_prefix_list_id": "",
                "egress_only_gateway_id": "",
                "gateway_id": "igw-0b56d8606fb5193ba",
                "ipv6_cidr_block": "",
                "local_gateway_id": "",
                "nat_gateway_id": "",
                "network_interface_id": "",
                "transit_gateway_id": "",
                "vpc_endpoint_id": "",
                "vpc_peering_connection_id": ""
              }
            ],
            "tags": {
              "Environment": "dev",
              "ManagedBy": "terraform",
              "Name": "msa-eks-cluster-public-rt",
              "Project": "msa-autoscaling"
            },
            "tags_all": {
              "Environment": "dev",
              "ManagedBy": "terraform",
              "Name": "msa-eks-cluster-public-rt",
              "Project": "msa-autoscaling"
            },
            "timeouts": null,
            "vpc_id": "vpc-0922a3aa86c9c26f4"
          },
          "sensitive_attributes": [],
          "identity_schema_version": 0,
          "private": "eyJlMmJmYjczMC1lY2FhLTExZTYtOGY4OC0zNDM2M2JjN2M0YzAiOnsiY3JlYXRlIjozMDAwMDAwMDAwMDAsImRlbGV0ZSI6MzAwMDAwMDAwMDAwLCJ1cGRhdGUiOjEyMDAwMDAwMDAwMH19",
          "dependencies": [
            "aws_internet_gateway.igw",
            "aws_vpc.main"
          ]
        }
      ]
    },
    {
      "mode": "managed",
      "type": "aws_route_table_association",
      "name": "private",
      "provider": "provider[\"registry.terraform.io/hashicorp/aws\"]",
      "instances": [
        {
          "index_key": 0,
          "schema_version": 0,
          "attributes": {
            "gateway_id": "",
            "id": "rtbassoc-07058db6b46b79f9b",
            "route_table_id": "rtb-02e16bd04d4a57e77",
            "subnet_id": "subnet-018bb3e13ba7899c3",
            "timeouts": null
          },
          "sensitive_attributes": [],
          "identity_schema_version": 0,
          "private": "eyJlMmJmYjczMC1lY2FhLTExZTYtOGY4OC0zNDM2M2JjN2M0YzAiOnsiY3JlYXRlIjozMDAwMDAwMDAwMDAsImRlbGV0ZSI6MzAwMDAwMDAwMDAwLCJ1cGRhdGUiOjEyMDAwMDAwMDAwMH19",
          "dependencies": [
            "aws_eip.nat",
            "aws_internet_gateway.igw",
            "aws_nat_gateway.nat",
            "aws_route_table.private",
            "aws_subnet.private",
            "aws_subnet.public",
            "aws_vpc.main"
          ]
        },
        {
          "index_key": 1,
          "schema_version": 0,
          "attributes": {
            "gateway_id": "",
            "id": "rtbassoc-0a26f417021fb6d01",
            "route_table_id": "rtb-02e16bd04d4a57e77",
            "subnet_id": "subnet-0400d81a906f6df34",
            "timeouts": null
          },
          "sensitive_attributes": [],
          "identity_schema_version": 0,
          "private": "eyJlMmJmYjczMC1lY2FhLTExZTYtOGY4OC0zNDM2M2JjN2M0YzAiOnsiY3JlYXRlIjozMDAwMDAwMDAwMDAsImRlbGV0ZSI6MzAwMDAwMDAwMDAwLCJ1cGRhdGUiOjEyMDAwMDAwMDAwMH19",
          "dependencies": [
            "aws_eip.nat",
            "aws_internet_gateway.igw",
            "aws_nat_gateway.nat",
            "aws_route_table.private",
            "aws_subnet.private",
            "aws_subnet.public",
            "aws_vpc.main"
          ]
        }
      ]
    },
    {
      "mode": "managed",
      "type": "aws_route_table_association",
      "name": "public",
      "provider": "provider[\"registry.terraform.io/hashicorp/aws\"]",
      "instances": [
        {
          "index_key": 0,
          "schema_version": 0,
          "attributes": {
            "gateway_id": "",
            "id": "rtbassoc-0a9be0b8ea0a82280",
            "route_table_id": "rtb-04c4706d4185a67f4",
            "subnet_id": "subnet-0edd7239e0fddea67",
            "timeouts": null
          },
          "sensitive_attributes": [],
          "identity_schema_version": 0,
          "private": "eyJlMmJmYjczMC1lY2FhLTExZTYtOGY4OC0zNDM2M2JjN2M0YzAiOnsiY3JlYXRlIjozMDAwMDAwMDAwMDAsImRlbGV0ZSI6MzAwMDAwMDAwMDAwLCJ1cGRhdGUiOjEyMDAwMDAwMDAwMH19",
          "dependencies": [
            "aws_internet_gateway.igw",
            "aws_route_table.public",
            "aws_subnet.public",
            "aws_vpc.main"
          ]
        },
        {
          "index_key": 1,
          "schema_version": 0,
          "attributes": {
            "gateway_id": "",
            "id": "rtbassoc-0288aad0ade5287e5",
            "route_table_id": "rtb-04c4706d4185a67f4",
            "subnet_id": "subnet-0bc3e401db428edca",
            "timeouts": null
          },
          "sensitive_attributes": [],
          "identity_schema_version": 0,
          "private": "eyJlMmJmYjczMC1lY2FhLTExZTYtOGY4OC0zNDM2M2JjN2M0YzAiOnsiY3JlYXRlIjozMDAwMDAwMDAwMDAsImRlbGV0ZSI6MzAwMDAwMDAwMDAwLCJ1cGRhdGUiOjEyMDAwMDAwMDAwMH19",
          "dependencies": [
            "aws_internet_gateway.igw",
            "aws_route_table.public",
            "aws_subnet.public",
            "aws_vpc.main"
          ]
        }
      ]
    },
    {
      "mode": "managed",
      "type": "aws_sqs_queue",
      "name": "karpenter_interruption",
      "provider": "provider[\"registry.terraform.io/hashicorp/aws\"]",
      "instances": [
        {
          "schema_version": 0,
          "attributes": {
            "arn": "arn:aws:sqs:ap-northeast-2:202035712420:msa-eks-cluster-karpenter-interruption",
            "content_based_deduplication": false,
            "deduplication_scope": "",
            "delay_seconds": 0,
            "fifo_queue": false,
            "fifo_throughput_limit": "",
            "id": "https://sqs.ap-northeast-2.amazonaws.com/202035712420/msa-eks-cluster-karpenter-interruption",
            "kms_data_key_reuse_period_seconds": 300,
            "kms_master_key_id": "",
            "max_message_size": 262144,
            "message_retention_seconds": 300,
            "name": "msa-eks-cluster-karpenter-interruption",
            "name_prefix": "",
            "policy": "{\"Statement\":[{\"Action\":\"sqs:SendMessage\",\"Effect\":\"Allow\",\"Principal\":{\"Service\":[\"events.amazonaws.com\",\"sqs.amazonaws.com\"]},\"Resource\":\"arn:aws:sqs:ap-northeast-2:202035712420:msa-eks-cluster-karpenter-interruption\"}],\"Version\":\"2012-10-17\"}",
            "receive_wait_time_seconds": 0,
            "redrive_allow_policy": "",
            "redrive_policy": "",
            "sqs_managed_sse_enabled": true,
            "tags": {
              "Environment": "dev",
              "ManagedBy": "terraform",
              "Project": "msa-autoscaling"
            },
            "tags_all": {
              "Environment": "dev",
              "ManagedBy": "terraform",
              "Project": "msa-autoscaling"
            },
            "timeouts": null,
            "url": "https://sqs.ap-northeast-2.amazonaws.com/202035712420/msa-eks-cluster-karpenter-interruption",
            "visibility_timeout_seconds": 30
          },
          "sensitive_attributes": [],
          "identity_schema_version": 0,
          "private": "eyJlMmJmYjczMC1lY2FhLTExZTYtOGY4OC0zNDM2M2JjN2M0YzAiOnsiY3JlYXRlIjoxODAwMDAwMDAwMDAsImRlbGV0ZSI6MTgwMDAwMDAwMDAwLCJ1cGRhdGUiOjE4MDAwMDAwMDAwMH19"
        }
      ]
    },
    {
      "mode": "managed",
      "type": "aws_sqs_queue_policy",
      "name": "karpenter_interruption",
      "provider": "provider[\"registry.terraform.io/hashicorp/aws\"]",
      "instances": [
        {
          "schema_version": 1,
          "attributes": {
            "id": "https://sqs.ap-northeast-2.amazonaws.com/202035712420/msa-eks-cluster-karpenter-interruption",
            "policy": "{\"Statement\":[{\"Action\":\"sqs:SendMessage\",\"Effect\":\"Allow\",\"Principal\":{\"Service\":[\"events.amazonaws.com\",\"sqs.amazonaws.com\"]},\"Resource\":\"arn:aws:sqs:ap-northeast-2:202035712420:msa-eks-cluster-karpenter-interruption\"}],\"Version\":\"2012-10-17\"}",
            "queue_url": "https://sqs.ap-northeast-2.amazonaws.com/202035712420/msa-eks-cluster-karpenter-interruption"
          },
          "sensitive_attributes": [],
          "identity_schema_version": 0,
          "private": "eyJzY2hlbWFfdmVyc2lvbiI6IjEifQ==",
          "dependencies": [
            "aws_sqs_queue.karpenter_interruption"
          ]
        }
      ]
    },
    {
      "mode": "managed",
      "type": "aws_subnet",
      "name": "private",
      "provider": "provider[\"registry.terraform.io/hashicorp/aws\"]",
      "instances": [
        {
          "index_key": 0,
          "schema_version": 1,
          "attributes": {
            "arn": "arn:aws:ec2:ap-northeast-2:202035712420:subnet/subnet-018bb3e13ba7899c3",
            "assign_ipv6_address_on_creation": false,
            "availability_zone": "ap-northeast-2a",
            "availability_zone_id": "apne2-az1",
            "cidr_block": "10.0.128.0/20",
            "customer_owned_ipv4_pool": "",
            "enable_dns64": false,
            "enable_lni_at_device_index": 0,
            "enable_resource_name_dns_a_record_on_launch": false,
            "enable_resource_name_dns_aaaa_record_on_launch": false,
            "id": "subnet-018bb3e13ba7899c3",
            "ipv6_cidr_block": "",
            "ipv6_cidr_block_association_id": "",
            "ipv6_native": false,
            "map_customer_owned_ip_on_launch": false,
            "map_public_ip_on_launch": false,
            "outpost_arn": "",
            "owner_id": "202035712420",
            "private_dns_hostname_type_on_launch": "ip-name",
            "tags": {
              "Environment": "dev",
              "ManagedBy": "terraform",
              "Name": "msa-eks-cluster-private-ap-northeast-2a",
              "Project": "msa-autoscaling",
              "karpenter.sh/discovery": "msa-eks-cluster",
              "kubernetes.io/cluster/msa-eks-cluster": "shared",
              "kubernetes.io/role/internal-elb": "1"
            },
            "tags_all": {
              "Environment": "dev",
              "ManagedBy": "terraform",
              "Name": "msa-eks-cluster-private-ap-northeast-2a",
              "Project": "msa-autoscaling",
              "karpenter.sh/discovery": "msa-eks-cluster",
              "kubernetes.io/cluster/msa-eks-cluster": "shared",
              "kubernetes.io/role/internal-elb": "1"
            },
            "timeouts": null,
            "vpc_id": "vpc-0922a3aa86c9c26f4"
          },
          "sensitive_attributes": [],
          "identity_schema_version": 0,
          "private": "eyJlMmJmYjczMC1lY2FhLTExZTYtOGY4OC0zNDM2M2JjN2M0YzAiOnsiY3JlYXRlIjo2MDAwMDAwMDAwMDAsImRlbGV0ZSI6MTIwMDAwMDAwMDAwMH0sInNjaGVtYV92ZXJzaW9uIjoiMSJ9",
          "dependencies": [
            "aws_vpc.main"
          ]
        },
        {
          "index_key": 1,
          "schema_version": 1,
          "attributes": {
            "arn": "arn:aws:ec2:ap-northeast-2:202035712420:subnet/subnet-0400d81a906f6df34",
            "assign_ipv6_address_on_creation": false,
            "availability_zone": "ap-northeast-2c",
            "availability_zone_id": "apne2-az3",
            "cidr_block": "10.0.144.0/20",
            "customer_owned_ipv4_pool": "",
            "enable_dns64": false,
            "enable_lni_at_device_index": 0,
            "enable_resource_name_dns_a_record_on_launch": false,
            "enable_resource_name_dns_aaaa_record_on_launch": false,
            "id": "subnet-0400d81a906f6df34",
            "ipv6_cidr_block": "",
            "ipv6_cidr_block_association_id": "",
            "ipv6_native": false,
            "map_customer_owned_ip_on_launch": false,
            "map_public_ip_on_launch": false,
            "outpost_arn": "",
            "owner_id": "202035712420",
            "private_dns_hostname_type_on_launch": "ip-name",
            "tags": {
              "Environment": "dev",
              "ManagedBy": "terraform",
              "Name": "msa-eks-cluster-private-ap-northeast-2c",
              "Project": "msa-autoscaling",
              "karpenter.sh/discovery": "msa-eks-cluster",
              "kubernetes.io/cluster/msa-eks-cluster": "shared",
              "kubernetes.io/role/internal-elb": "1"
            },
            "tags_all": {
              "Environment": "dev",
              "ManagedBy": "terraform",
              "Name": "msa-eks-cluster-private-ap-northeast-2c",
              "Project": "msa-autoscaling",
              "karpenter.sh/discovery": "msa-eks-cluster",
              "kubernetes.io/cluster/msa-eks-cluster": "shared",
              "kubernetes.io/role/internal-elb": "1"
            },
            "timeouts": null,
            "vpc_id": "vpc-0922a3aa86c9c26f4"
          },
          "sensitive_attributes": [],
          "identity_schema_version": 0,
          "private": "eyJlMmJmYjczMC1lY2FhLTExZTYtOGY4OC0zNDM2M2JjN2M0YzAiOnsiY3JlYXRlIjo2MDAwMDAwMDAwMDAsImRlbGV0ZSI6MTIwMDAwMDAwMDAwMH0sInNjaGVtYV92ZXJzaW9uIjoiMSJ9",
          "dependencies": [
            "aws_vpc.main"
          ]
        }
      ]
    },
    {
      "mode": "managed",
      "type": "aws_subnet",
      "name": "public",
      "provider": "provider[\"registry.terraform.io/hashicorp/aws\"]",
      "instances": [
        {
          "index_key": 0,
          "schema_version": 1,
          "attributes": {
            "arn": "arn:aws:ec2:ap-northeast-2:202035712420:subnet/subnet-0edd7239e0fddea67",
            "assign_ipv6_address_on_creation": false,
            "availability_zone": "ap-northeast-2a",
            "availability_zone_id": "apne2-az1",
            "cidr_block": "10.0.0.0/20",
            "customer_owned_ipv4_pool": "",
            "enable_dns64": false,
            "enable_lni_at_device_index": 0,
            "enable_resource_name_dns_a_record_on_launch": false,
            "enable_resource_name_dns_aaaa_record_on_launch": false,
            "id": "subnet-0edd7239e0fddea67",
            "ipv6_cidr_block": "",
            "ipv6_cidr_block_association_id": "",
            "ipv6_native": false,
            "map_customer_owned_ip_on_launch": false,
            "map_public_ip_on_launch": true,
            "outpost_arn": "",
            "owner_id": "202035712420",
            "private_dns_hostname_type_on_launch": "ip-name",
            "tags": {
              "Environment": "dev",
              "ManagedBy": "terraform",
              "Name": "msa-eks-cluster-public-ap-northeast-2a",
              "Project": "msa-autoscaling",
              "kubernetes.io/cluster/msa-eks-cluster": "shared",
              "kubernetes.io/role/elb": "1"
            },
            "tags_all": {
              "Environment": "dev",
              "ManagedBy": "terraform",
              "Name": "msa-eks-cluster-public-ap-northeast-2a",
              "Project": "msa-autoscaling",
              "kubernetes.io/cluster/msa-eks-cluster": "shared",
              "kubernetes.io/role/elb": "1"
            },
            "timeouts": null,
            "vpc_id": "vpc-0922a3aa86c9c26f4"
          },
          "sensitive_attributes": [],
          "identity_schema_version": 0,
          "private": "eyJlMmJmYjczMC1lY2FhLTExZTYtOGY4OC0zNDM2M2JjN2M0YzAiOnsiY3JlYXRlIjo2MDAwMDAwMDAwMDAsImRlbGV0ZSI6MTIwMDAwMDAwMDAwMH0sInNjaGVtYV92ZXJzaW9uIjoiMSJ9",
          "dependencies": [
            "aws_vpc.main"
          ]
        },
        {
          "index_key": 1,
          "schema_version": 1,
          "attributes": {
            "arn": "arn:aws:ec2:ap-northeast-2:202035712420:subnet/subnet-0bc3e401db428edca",
            "assign_ipv6_address_on_creation": false,
            "availability_zone": "ap-northeast-2c",
            "availability_zone_id": "apne2-az3",
            "cidr_block": "10.0.16.0/20",
            "customer_owned_ipv4_pool": "",
            "enable_dns64": false,
            "enable_lni_at_device_index": 0,
            "enable_resource_name_dns_a_record_on_launch": false,
            "enable_resource_name_dns_aaaa_record_on_launch": false,
            "id": "subnet-0bc3e401db428edca",
            "ipv6_cidr_block": "",
            "ipv6_cidr_block_association_id": "",
            "ipv6_native": false,
            "map_customer_owned_ip_on_launch": false,
            "map_public_ip_on_launch": true,
            "outpost_arn": "",
            "owner_id": "202035712420",
            "private_dns_hostname_type_on_launch": "ip-name",
            "tags": {
              "Environment": "dev",
              "ManagedBy": "terraform",
              "Name": "msa-eks-cluster-public-ap-northeast-2c",
              "Project": "msa-autoscaling",
              "kubernetes.io/cluster/msa-eks-cluster": "shared",
              "kubernetes.io/role/elb": "1"
            },
            "tags_all": {
              "Environment": "dev",
              "ManagedBy": "terraform",
              "Name": "msa-eks-cluster-public-ap-northeast-2c",
              "Project": "msa-autoscaling",
              "kubernetes.io/cluster/msa-eks-cluster": "shared",
              "kubernetes.io/role/elb": "1"
            },
            "timeouts": null,
            "vpc_id": "vpc-0922a3aa86c9c26f4"
          },
          "sensitive_attributes": [],
          "identity_schema_version": 0,
          "private": "eyJlMmJmYjczMC1lY2FhLTExZTYtOGY4OC0zNDM2M2JjN2M0YzAiOnsiY3JlYXRlIjo2MDAwMDAwMDAwMDAsImRlbGV0ZSI6MTIwMDAwMDAwMDAwMH0sInNjaGVtYV92ZXJzaW9uIjoiMSJ9",
          "dependencies": [
            "aws_vpc.main"
          ]
        }
      ]
    },
    {
      "mode": "managed",
      "type": "aws_vpc",
      "name": "main",
      "provider": "provider[\"registry.terraform.io/hashicorp/aws\"]",
      "instances": [
        {
          "schema_version": 1,
          "attributes": {
            "arn": "arn:aws:ec2:ap-northeast-2:202035712420:vpc/vpc-0922a3aa86c9c26f4",
            "assign_generated_ipv6_cidr_block": false,
            "cidr_block": "10.0.0.0/16",
            "default_network_acl_id": "acl-03bd07fc958edeb30",
            "default_route_table_id": "rtb-0131e6810a310b540",
            "default_security_group_id": "sg-0231f74f8cb561712",
            "dhcp_options_id": "dopt-052cff23847d2191b",
            "enable_dns_hostnames": true,
            "enable_dns_support": true,
            "enable_network_address_usage_metrics": false,
            "id": "vpc-0922a3aa86c9c26f4",
            "instance_tenancy": "default",
            "ipv4_ipam_pool_id": null,
            "ipv4_netmask_length": null,
            "ipv6_association_id": "",
            "ipv6_cidr_block": "",
            "ipv6_cidr_block_network_border_group": "",
            "ipv6_ipam_pool_id": "",
            "ipv6_netmask_length": 0,
            "main_route_table_id": "rtb-0131e6810a310b540",
            "owner_id": "202035712420",
            "tags": {
              "Environment": "dev",
              "ManagedBy": "terraform",
              "Name": "msa-eks-cluster-vpc",
              "Project": "msa-autoscaling"
            },
            "tags_all": {
              "Environment": "dev",
              "ManagedBy": "terraform",
              "Name": "msa-eks-cluster-vpc",
              "Project": "msa-autoscaling"
            }
          },
          "sensitive_attributes": [],
          "identity_schema_version": 0,
          "private": "eyJzY2hlbWFfdmVyc2lvbiI6IjEifQ=="
        }
      ]
    },
    {
      "mode": "managed",
      "type": "helm_release",
      "name": "alb_controller",
      "provider": "provider[\"registry.terraform.io/hashicorp/helm\"]",
      "instances": [
        {
          "schema_version": 1,
          "attributes": {
            "atomic": false,
            "chart": "aws-load-balancer-controller",
            "cleanup_on_fail": false,
            "create_namespace": false,
            "dependency_update": false,
            "description": null,
            "devel": null,
            "disable_crd_hooks": false,
            "disable_openapi_validation": false,
            "disable_webhooks": false,
            "force_update": false,
            "id": "aws-load-balancer-controller",
            "keyring": null,
            "lint": false,
            "manifest": null,
            "max_history": 0,
            "metadata": [
              {
                "app_version": "v2.8.1",
                "chart": "aws-load-balancer-controller",
                "first_deployed": 1789962960,
                "last_deployed": 1789962960,
                "name": "aws-load-balancer-controller",
                "namespace": "kube-system",
                "notes": "AWS Load Balancer controller installed!\n",
                "revision": 1,
                "values": "{\"clusterName\":\"msa-eks-cluster\",\"nodeSelector\":{\"node-role\":\"core\"},\"region\":\"ap-northeast-2\",\"replicaCount\":2,\"serviceAccount\":{\"annotations\":{\"eks.amazonaws.com/role-arn\":\"arn:aws:iam::202035712420:role/msa-eks-cluster-alb-controller\"},\"create\":true,\"name\":\"aws-load-balancer-controller\"},\"vpcId\":\"vpc-0922a3aa86c9c26f4\"}",
                "version": "1.8.1"
              }
            ],
            "name": "aws-load-balancer-controller",
            "namespace": "kube-system",
            "pass_credentials": false,
            "postrender": [],
            "recreate_pods": false,
            "render_subchart_notes": true,
            "replace": false,
            "repository": "https://aws.github.io/eks-charts",
            "repository_ca_file": null,
            "repository_cert_file": null,
            "repository_key_file": null,
            "repository_password": null,
            "repository_username": null,
            "reset_values": false,
            "reuse_values": false,
            "set": [],
            "set_list": [],
            "set_sensitive": [],
            "skip_crds": false,
            "status": "deployed",
            "timeout": 300,
            "upgrade_install": null,
            "values": [
              "\"clusterName\": \"msa-eks-cluster\"\n\"nodeSelector\":\n  \"node-role\": \"core\"\n\"region\": \"ap-northeast-2\"\n\"replicaCount\": 2\n\"serviceAccount\":\n  \"annotations\":\n    \"eks.amazonaws.com/role-arn\": \"arn:aws:iam::202035712420:role/msa-eks-cluster-alb-controller\"\n  \"create\": true\n  \"name\": \"aws-load-balancer-controller\"\n\"vpcId\": \"vpc-0922a3aa86c9c26f4\"\n"
            ],
            "verify": false,
            "version": "1.8.1",
            "wait": true,
            "wait_for_jobs": false
          },
          "sensitive_attributes": [
            [
              {
                "type": "get_attr",
                "value": "repository_password"
              }
            ]
          ],
          "identity_schema_version": 0,
          "private": "eyJzY2hlbWFfdmVyc2lvbiI6IjEifQ==",
          "dependencies": [
            "aws_cloudwatch_log_group.eks",
            "aws_eks_cluster.main",
            "aws_eks_node_group.core",
            "aws_iam_openid_connect_provider.eks",
            "aws_iam_policy.alb_controller",
            "aws_iam_role.alb_controller",
            "aws_iam_role.eks_cluster",
            "aws_iam_role.node_group",
            "aws_iam_role_policy_attachment.alb_controller",
            "aws_iam_role_policy_attachment.eks_cluster_policy",
            "aws_iam_role_policy_attachment.node_cni",
            "aws_iam_role_policy_attachment.node_ecr",
            "aws_iam_role_policy_attachment.node_worker",
            "aws_kms_key.eks",
            "aws_subnet.private",
            "aws_vpc.main",
            "data.aws_caller_identity.current",
            "data.aws_iam_policy_document.eks_kms",
            "data.aws_partition.current",
            "data.tls_certificate.eks"
          ]
        }
      ]
    },
    {
      "mode": "managed",
      "type": "helm_release",
      "name": "keda",
      "provider": "provider[\"registry.terraform.io/hashicorp/helm\"]",
      "instances": [
        {
          "schema_version": 1,
          "attributes": {
            "atomic": false,
            "chart": "keda",
            "cleanup_on_fail": false,
            "create_namespace": true,
            "dependency_update": false,
            "description": null,
            "devel": null,
            "disable_crd_hooks": false,
            "disable_openapi_validation": false,
            "disable_webhooks": false,
            "force_update": false,
            "id": "keda",
            "keyring": null,
            "lint": false,
            "manifest": null,
            "max_history": 0,
            "metadata": [
              {
                "app_version": "2.15.1",
                "chart": "keda",
                "first_deployed": 1789963049,
                "last_deployed": 1789963049,
                "name": "keda",
                "namespace": "keda",
                "notes": "\n:::^.     .::::^:     :::::::::::::::    .:::::::::.                   .^.                  \n7???~   .^7????~.     7??????????????.   :?????????77!^.              .7?7.                 \n7???~  ^7???7~.       ~!!!!!!!!!!!!!!.   :????!!!!7????7~.           .7???7.                \n7???~^7????~.                            :????:    :~7???7.         :7?????7.               \n7???7????!.           ::::::::::::.      :????:      .7???!        :7??77???7.              \n7????????7:           7???????????~      :????:       :????:      :???7?5????7.             \n7????!~????^          !77777777777^      :????:       :????:     ^???7?#P7????7.            \n7???~  ^????~                            :????:      :7???!     ^???7J#@J7?????7.           \n7???~   :7???!.                          :????:   .:~7???!.    ~???7Y\u0026@#7777????7.          \n7???~    .7???7:      !!!!!!!!!!!!!!!    :????7!!77????7^     ~??775@@@GJJYJ?????7.         \n7???~     .!????^     7?????????????7.   :?????????7!~:      !????G@@@@@@@@5??????7:        \n::::.       :::::     :::::::::::::::    .::::::::..        .::::JGGGB@@@\u00267:::::::::        \n                                                                      ?@@#~                  \n                                                                      P@B^                   \n                                                                    :\u0026G:                    \n                                                                    !5.                     \n                                                                    .Kubernetes Event-driven Autoscaling (KEDA) - Application autoscaling made simple.\n\nGet started by deploying Scaled Objects to your cluster:\n    - Information about Scaled Objects : https://keda.sh/docs/latest/concepts/\n    - Samples: https://github.com/kedacore/samples\n\nGet information about the deployed ScaledObjects:\n  kubectl get scaledobject [--namespace \u003cnamespace\u003e]\n\nGet details about a deployed ScaledObject:\n  kubectl describe scaledobject \u003cscaled-object-name\u003e [--namespace \u003cnamespace\u003e]\n\nGet information about the deployed ScaledObjects:\n  kubectl get triggerauthentication [--namespace \u003cnamespace\u003e]\n\nGet details about a deployed ScaledObject:\n  kubectl describe triggerauthentication \u003ctrigger-authentication-name\u003e [--namespace \u003cnamespace\u003e]\n\nGet an overview of the Horizontal Pod Autoscalers (HPA) that KEDA is using behind the scenes:\n  kubectl get hpa [--all-namespaces] [--namespace \u003cnamespace\u003e]\n\nLearn more about KEDA:\n- Documentation: https://keda.sh/\n- Support: https://keda.sh/support/\n- File an issue: https://github.com/kedacore/keda/issues/new/choose\n",
                "revision": 1,
                "values": "{\"nodeSelector\":{\"node-role\":\"core\"}}",
                "version": "2.15.1"
              }
            ],
            "name": "keda",
            "namespace": "keda",
            "pass_credentials": false,
            "postrender": [],
            "recreate_pods": false,
            "render_subchart_notes": true,
            "replace": false,
            "repository": "https://kedacore.github.io/charts",
            "repository_ca_file": null,
            "repository_cert_file": null,
            "repository_key_file": null,
            "repository_password": null,
            "repository_username": null,
            "reset_values": false,
            "reuse_values": false,
            "set": [],
            "set_list": [],
            "set_sensitive": [],
            "skip_crds": false,
            "status": "deployed",
            "timeout": 300,
            "upgrade_install": null,
            "values": [
              "\"nodeSelector\":\n  \"node-role\": \"core\"\n"
            ],
            "verify": false,
            "version": "2.15.1",
            "wait": true,
            "wait_for_jobs": false
          },
          "sensitive_attributes": [
            [
              {
                "type": "get_attr",
                "value": "repository_password"
              }
            ]
          ],
          "identity_schema_version": 0,
          "private": "eyJzY2hlbWFfdmVyc2lvbiI6IjEifQ==",
          "dependencies": [
            "aws_cloudwatch_log_group.eks",
            "aws_eks_cluster.main",
            "aws_eks_node_group.core",
            "aws_iam_role.eks_cluster",
            "aws_iam_role.node_group",
            "aws_iam_role_policy_attachment.eks_cluster_policy",
            "aws_iam_role_policy_attachment.node_cni",
            "aws_iam_role_policy_attachment.node_ecr",
            "aws_iam_role_policy_attachment.node_worker",
            "aws_kms_key.eks",
            "aws_subnet.private",
            "aws_vpc.main",
            "data.aws_caller_identity.current",
            "data.aws_iam_policy_document.eks_kms",
            "data.aws_partition.current",
            "helm_release.kube_prometheus_stack",
            "helm_release.metrics_server"
          ]
        }
      ]
    },
    {
      "mode": "managed",
      "type": "helm_release",
      "name": "kube_prometheus_stack",
      "provider": "provider[\"registry.terraform.io/hashicorp/helm\"]",
      "instances": [
        {
          "schema_version": 1,
          "attributes": {
            "atomic": false,
            "chart": "kube-prometheus-stack",
            "cleanup_on_fail": false,
            "create_namespace": true,
            "dependency_update": false,
            "description": null,
            "devel": null,
            "disable_crd_hooks": false,
            "disable_openapi_validation": false,
            "disable_webhooks": false,
            "force_update": false,
            "id": "kube-prometheus-stack",
            "keyring": null,
            "lint": false,
            "manifest": null,
            "max_history": 0,
            "metadata": [
              {
                "app_version": "v0.76.1",
                "chart": "kube-prometheus-stack",
                "first_deployed": 1789963002,
                "last_deployed": 1789963002,
                "name": "kube-prometheus-stack",
                "namespace": "monitoring",
                "notes": "kube-state-metrics is a simple service that listens to the Kubernetes API server and generates metrics about the state of the objects.\nThe exposed metrics can be found here:\nhttps://github.com/kubernetes/kube-state-metrics/blob/master/docs/README.md#exposed-metrics\n\nThe metrics are exported on the HTTP endpoint /metrics on the listening port.\nIn your case, kube-prometheus-stack-kube-state-metrics.monitoring.svc.cluster.local:8080/metrics\n\nThey are served either as plaintext or protobuf depending on the Accept header.\nThey are designed to be consumed either by Prometheus itself or by a scraper that is compatible with scraping a Prometheus client endpoint.\n\nkube-prometheus-stack has been installed. Check its status by running:\n  kubectl --namespace monitoring get pods -l \"release=kube-prometheus-stack\"\n\nVisit https://github.com/prometheus-operator/kube-prometheus for instructions on how to create \u0026 configure Alertmanager and Prometheus instances using the Operator.\n\n1. Get the application URL by running these commands:\n  export POD_NAME=$(kubectl get pods --namespace monitoring -l \"app.kubernetes.io/name=prometheus-node-exporter,app.kubernetes.io/instance=kube-prometheus-stack\" -o jsonpath=\"{.items[0].metadata.name}\")\n  echo \"Visit http://127.0.0.1:9100 to use your application\"\n  kubectl port-forward --namespace monitoring $POD_NAME 9100\n1. Get your 'admin' user password by running:\n\n   kubectl get secret --namespace monitoring kube-prometheus-stack-grafana -o jsonpath=\"{.data.admin-password}\" | base64 --decode ; echo\n\n\n2. The Grafana server can be accessed via port 80 on the following DNS name from within your cluster:\n\n   kube-prometheus-stack-grafana.monitoring.svc.cluster.local\n\n   Get the Grafana URL to visit by running these commands in the same shell:\n     export POD_NAME=$(kubectl get pods --namespace monitoring -l \"app.kubernetes.io/name=grafana,app.kubernetes.io/instance=kube-prometheus-stack\" -o jsonpath=\"{.items[0].metadata.name}\")\n     kubectl --namespace monitoring port-forward $POD_NAME 3000\n\n3. Login with the password from step 1 and the username: admin\n#################################################################################\n######   WARNING: Persistence is disabled!!! You will lose your data when   #####\n######            the Grafana pod is terminated.                            #####\n#################################################################################\n",
                "revision": 1,
                "values": "{\"alertmanager\":{\"alertmanagerSpec\":{\"nodeSelector\":{\"node-role\":\"core\"}}},\"grafana\":{\"nodeSelector\":{\"node-role\":\"core\"}},\"prometheus\":{\"prometheusSpec\":{\"nodeSelector\":{\"node-role\":\"core\"},\"retention\":\"15d\",\"storageSpec\":{\"volumeClaimTemplate\":{\"spec\":{\"accessModes\":[\"ReadWriteOnce\"],\"resources\":{\"requests\":{\"storage\":\"50Gi\"}},\"storageClassName\":\"gp3\"}}}}}}",
                "version": "62.7.0"
              }
            ],
            "name": "kube-prometheus-stack",
            "namespace": "monitoring",
            "pass_credentials": false,
            "postrender": [],
            "recreate_pods": false,
            "render_subchart_notes": true,
            "replace": false,
            "repository": "https://prometheus-community.github.io/helm-charts",
            "repository_ca_file": null,
            "repository_cert_file": null,
            "repository_key_file": null,
            "repository_password": null,
            "repository_username": null,
            "reset_values": false,
            "reuse_values": false,
            "set": [],
            "set_list": [],
            "set_sensitive": [],
            "skip_crds": false,
            "status": "deployed",
            "timeout": 300,
            "upgrade_install": null,
            "values": [
              "\"alertmanager\":\n  \"alertmanagerSpec\":\n    \"nodeSelector\":\n      \"node-role\": \"core\"\n\"grafana\":\n  \"nodeSelector\":\n    \"node-role\": \"core\"\n\"prometheus\":\n  \"prometheusSpec\":\n    \"nodeSelector\":\n      \"node-role\": \"core\"\n    \"retention\": \"15d\"\n    \"storageSpec\":\n      \"volumeClaimTemplate\":\n        \"spec\":\n          \"accessModes\":\n          - \"ReadWriteOnce\"\n          \"resources\":\n            \"requests\":\n              \"storage\": \"50Gi\"\n          \"storageClassName\": \"gp3\"\n"
            ],
            "verify": false,
            "version": "62.7.0",
            "wait": true,
            "wait_for_jobs": false
          },
          "sensitive_attributes": [
            [
              {
                "type": "get_attr",
                "value": "repository_password"
              }
            ]
          ],
          "identity_schema_version": 0,
          "private": "eyJzY2hlbWFfdmVyc2lvbiI6IjEifQ==",
          "dependencies": [
            "aws_cloudwatch_log_group.eks",
            "aws_eks_cluster.main",
            "aws_eks_node_group.core",
            "aws_iam_role.eks_cluster",
            "aws_iam_role.node_group",
            "aws_iam_role_policy_attachment.eks_cluster_policy",
            "aws_iam_role_policy_attachment.node_cni",
            "aws_iam_role_policy_attachment.node_ecr",
            "aws_iam_role_policy_attachment.node_worker",
            "aws_kms_key.eks",
            "aws_subnet.private",
            "aws_vpc.main",
            "data.aws_caller_identity.current",
            "data.aws_iam_policy_document.eks_kms",
            "data.aws_partition.current",
            "helm_release.metrics_server"
          ]
        }
      ]
    },
    {
      "mode": "managed",
      "type": "helm_release",
      "name": "metrics_server",
      "provider": "provider[\"registry.terraform.io/hashicorp/helm\"]",
      "instances": [
        {
          "schema_version": 1,
          "attributes": {
            "atomic": false,
            "chart": "metrics-server",
            "cleanup_on_fail": false,
            "create_namespace": false,
            "dependency_update": false,
            "description": null,
            "devel": null,
            "disable_crd_hooks": false,
            "disable_openapi_validation": false,
            "disable_webhooks": false,
            "force_update": false,
            "id": "metrics-server",
            "keyring": null,
            "lint": false,
            "manifest": null,
            "max_history": 0,
            "metadata": [
              {
                "app_version": "0.7.1",
                "chart": "metrics-server",
                "first_deployed": 1789962959,
                "last_deployed": 1789962959,
                "name": "metrics-server",
                "namespace": "kube-system",
                "notes": "***********************************************************************\n* Metrics Server                                                      *\n***********************************************************************\n  Chart version: 3.12.1\n  App version:   0.7.1\n  Image tag:     registry.k8s.io/metrics-server/metrics-server:v0.7.1\n***********************************************************************\n",
                "revision": 1,
                "values": "{\"args\":[\"--kubelet-insecure-tls\"],\"nodeSelector\":{\"node-role\":\"core\"}}",
                "version": "3.12.1"
              }
            ],
            "name": "metrics-server",
            "namespace": "kube-system",
            "pass_credentials": false,
            "postrender": [],
            "recreate_pods": false,
            "render_subchart_notes": true,
            "replace": false,
            "repository": "https://kubernetes-sigs.github.io/metrics-server/",
            "repository_ca_file": null,
            "repository_cert_file": null,
            "repository_key_file": null,
            "repository_password": null,
            "repository_username": null,
            "reset_values": false,
            "reuse_values": false,
            "set": [
              {
                "name": "args[0]",
                "type": "",
                "value": "--kubelet-insecure-tls"
              },
              {
                "name": "nodeSelector.node-role",
                "type": "",
                "value": "core"
              }
            ],
            "set_list": [],
            "set_sensitive": [],
            "skip_crds": false,
            "status": "deployed",
            "timeout": 300,
            "upgrade_install": null,
            "values": null,
            "verify": false,
            "version": "3.12.1",
            "wait": true,
            "wait_for_jobs": false
          },
          "sensitive_attributes": [
            [
              {
                "type": "get_attr",
                "value": "repository_password"
              }
            ]
          ],
          "identity_schema_version": 0,
          "private": "eyJzY2hlbWFfdmVyc2lvbiI6IjEifQ==",
          "dependencies": [
            "aws_cloudwatch_log_group.eks",
            "aws_eks_cluster.main",
            "aws_eks_node_group.core",
            "aws_iam_role.eks_cluster",
            "aws_iam_role.node_group",
            "aws_iam_role_policy_attachment.eks_cluster_policy",
            "aws_iam_role_policy_attachment.node_cni",
            "aws_iam_role_policy_attachment.node_ecr",
            "aws_iam_role_policy_attachment.node_worker",
            "aws_kms_key.eks",
            "aws_subnet.private",
            "aws_vpc.main",
            "data.aws_caller_identity.current",
            "data.aws_iam_policy_document.eks_kms",
            "data.aws_partition.current"
          ]
        }
      ]
    },
    {
      "mode": "managed",
      "type": "helm_release",
      "name": "prometheus_adapter",
      "provider": "provider[\"registry.terraform.io/hashicorp/helm\"]",
      "instances": [
        {
          "schema_version": 1,
          "attributes": {
            "atomic": false,
            "chart": "prometheus-adapter",
            "cleanup_on_fail": false,
            "create_namespace": false,
            "dependency_update": false,
            "description": null,
            "devel": null,
            "disable_crd_hooks": false,
            "disable_openapi_validation": false,
            "disable_webhooks": false,
            "force_update": false,
            "id": "prometheus-adapter",
            "keyring": null,
            "lint": false,
            "manifest": null,
            "max_history": 0,
            "metadata": [
              {
                "app_version": "v0.12.0",
                "chart": "prometheus-adapter",
                "first_deployed": 1789963051,
                "last_deployed": 1789963051,
                "name": "prometheus-adapter",
                "namespace": "monitoring",
                "notes": "prometheus-adapter has been deployed.\nIn a few minutes you should be able to list metrics using the following command(s):\n\n  kubectl get --raw /apis/custom.metrics.k8s.io/v1beta1\n\n",
                "revision": 1,
                "values": "{\"nodeSelector\":{\"node-role\":\"core\"},\"prometheus\":{\"port\":9090,\"url\":\"http://kube-prometheus-stack-prometheus.monitoring.svc\"},\"rules\":{\"custom\":[{\"metricsQuery\":\"sum(rate(\\u003c\\u003c.Series\\u003e\\u003e{\\u003c\\u003c.LabelMatchers\\u003e\\u003e}[2m])) by (\\u003c\\u003c.GroupBy\\u003e\\u003e)\",\"name\":{\"as\":\"${1}_per_second\",\"matches\":\"^(.*)_total$\"},\"resources\":{\"overrides\":{\"namespace\":{\"resource\":\"namespace\"},\"pod\":{\"resource\":\"pod\"}}},\"seriesQuery\":\"http_requests_total{namespace!=\\\"\\\",pod!=\\\"\\\"}\"}],\"default\":true}}",
                "version": "4.11.0"
              }
            ],
            "name": "prometheus-adapter",
            "namespace": "monitoring",
            "pass_credentials": false,
            "postrender": [],
            "recreate_pods": false,
            "render_subchart_notes": true,
            "replace": false,
            "repository": "https://prometheus-community.github.io/helm-charts",
            "repository_ca_file": null,
            "repository_cert_file": null,
            "repository_key_file": null,
            "repository_password": null,
            "repository_username": null,
            "reset_values": false,
            "reuse_values": false,
            "set": [],
            "set_list": [],
            "set_sensitive": [],
            "skip_crds": false,
            "status": "deployed",
            "timeout": 300,
            "upgrade_install": null,
            "values": [
              "\"nodeSelector\":\n  \"node-role\": \"core\"\n\"prometheus\":\n  \"port\": 9090\n  \"url\": \"http://kube-prometheus-stack-prometheus.monitoring.svc\"\n\"rules\":\n  \"custom\":\n  - \"metricsQuery\": \"sum(rate(\u003c\u003c.Series\u003e\u003e{\u003c\u003c.LabelMatchers\u003e\u003e}[2m])) by (\u003c\u003c.GroupBy\u003e\u003e)\"\n    \"name\":\n      \"as\": \"${1}_per_second\"\n      \"matches\": \"^(.*)_total$\"\n    \"resources\":\n      \"overrides\":\n        \"namespace\":\n          \"resource\": \"namespace\"\n        \"pod\":\n          \"resource\": \"pod\"\n    \"seriesQuery\": \"http_requests_total{namespace!=\\\"\\\",pod!=\\\"\\\"}\"\n  \"default\": true\n"
            ],
            "verify": false,
            "version": "4.11.0",
            "wait": true,
            "wait_for_jobs": false
          },
          "sensitive_attributes": [
            [
              {
                "type": "get_attr",
                "value": "repository_password"
              }
            ]
          ],
          "identity_schema_version": 0,
          "private": "eyJzY2hlbWFfdmVyc2lvbiI6IjEifQ==",
          "dependencies": [
            "aws_cloudwatch_log_group.eks",
            "aws_eks_cluster.main",
            "aws_eks_node_group.core",
            "aws_iam_role.eks_cluster",
            "aws_iam_role.node_group",
            "aws_iam_role_policy_attachment.eks_cluster_policy",
            "aws_iam_role_policy_attachment.node_cni",
            "aws_iam_role_policy_attachment.node_ecr",
            "aws_iam_role_policy_attachment.node_worker",
            "aws_kms_key.eks",
            "aws_subnet.private",
            "aws_vpc.main",
            "data.aws_caller_identity.current",
            "data.aws_iam_policy_document.eks_kms",
            "data.aws_partition.current",
            "helm_release.kube_prometheus_stack",
            "helm_release.metrics_server"
          ]
        }
      ]
    },
    {
      "mode": "managed",
      "type": "kubernetes_storage_class_v1",
      "name": "gp3",
      "provider": "provider[\"registry.terraform.io/hashicorp/kubernetes\"]",
      "instances": [
        {
          "schema_version": 0,
          "attributes": {
            "allow_volume_expansion": true,
            "allowed_topologies": [],
            "id": "gp3",
            "metadata": [
              {
                "annotations": {
                  "storageclass.kubernetes.io/is-default-class": "true"
                },
                "generate_name": "",
                "generation": 0,
                "labels": {},
                "name": "gp3",
                "resource_version": "22654",
                "uid": "2cf367e8-2e8c-46e4-8c08-1d4ce13625ae"
              }
            ],
            "mount_options": [],
            "parameters": {
              "encrypted": "true",
              "fsType": "ext4",
              "type": "gp3"
            },
            "reclaim_policy": "Delete",
            "storage_provisioner": "ebs.csi.aws.com",
            "volume_binding_mode": "WaitForFirstConsumer"
          },
          "sensitive_attributes": [],
          "identity_schema_version": 0,
          "private": "bnVsbA==",
          "dependencies": [
            "aws_cloudwatch_log_group.eks",
            "aws_eks_addon.ebs_csi",
            "aws_eks_cluster.main",
            "aws_eks_node_group.core",
            "aws_iam_openid_connect_provider.eks",
            "aws_iam_role.ebs_csi",
            "aws_iam_role.eks_cluster",
            "aws_iam_role.node_group",
            "aws_iam_role_policy_attachment.eks_cluster_policy",
            "aws_iam_role_policy_attachment.node_cni",
            "aws_iam_role_policy_attachment.node_ecr",
            "aws_iam_role_policy_attachment.node_worker",
            "aws_kms_key.eks",
            "aws_subnet.private",
            "aws_vpc.main",
            "data.aws_caller_identity.current",
            "data.aws_iam_policy_document.eks_kms",
            "data.aws_partition.current",
            "data.tls_certificate.eks"
          ]
        }
      ]
    }
  ],
  "check_results": null
}
